
Microsoft Visual Studio Solution File, Format Version 12.00
# Visual Studio 15
VisualStudioVersion = 15.0.28307.852
MinimumVisualStudioVersion = 10.0.40219.1
Project("{8BC9CEB8-8B4A-11D0-8D11-00A0C91BC942}") = "Lab2", "Lab2\Lab2.vcxproj", "{7661984C-CB6D-4427-BA17-EE93B9B24AE4}"
EndProject
Global
	GlobalSection(SolutionConfigurationPlatforms) = preSolution
		Debug|x64 = Debug|x64
		Debug|x86 = Debug|x86
		Release|x64 = Release|x64
		Release|x86 = Release|x86
	EndGlobalSection
	GlobalSection(ProjectConfigurationPlatforms) = postSolution
		{7661984C-CB6D-4427-BA17-EE93B9B24AE4}.Debug|x64.ActiveCfg = Debug|x64
		{7661984C-CB6D-4427-BA17-EE93B9B24AE4}.Debug|x64.Build.0 = Debug|x64
		{7661984C-CB6D-4427-BA17-EE93B9B24AE4}.Debug|x86.ActiveCfg = Debug|Win32
		{7661984C-CB6D-4427-BA17-EE93B9B24AE4}.Debug|x86.Build.0 = Debug|Win32
		{7661984C-CB6D-4427-BA17-EE93B9B24AE4}.Release|x64.ActiveCfg = Release|x64
		{7661984C-CB6D-4427-BA17-EE93B9B24AE4}.Release|x64.Build.0 = Release|x64
		{7661984C-CB6D-4427-BA17-EE93B9B24AE4}.Release|x86.ActiveCfg = Release|Win32
		{7661984C-CB6D-4427-BA17-EE93B9B24AE4}.Release|x86.Build.0 = Release|Win32
	EndGlobalSection
	GlobalSection(SolutionProperties) = preSolution
		HideSolutionNode = FALSE
	EndGlobalSection
	GlobalSection(ExtensibilityGlobals) = postSolution
		SolutionGuid = {3379E3C4-6B18-4B38-8100-44FE4EF430B8}
	EndGlobalSection
EndGlobal
