Microsoft Visual Studio Solution File, Format Version 12.00
# Visual Studio 15
Project("{2150E333-8FDC-42A3-9474-1A3956D46DE8}") = "CMakePredefinedTargets", "CMakePredefinedTargets", "{9FDD0AEC-3BBB-38E9-B648-E1FE699050C2}"
EndProject
Project("{2150E333-8FDC-42A3-9474-1A3956D46DE8}") = "GLFW3", "GLFW3", "{646BDB3A-9EB9-3D25-9388-7BB950C6D4F7}"
EndProject
Project("{2150E333-8FDC-42A3-9474-1A3956D46DE8}") = "Examples", "GLFW3\Examples", "{2393BBF3-419F-37A5-AB97-306B5F9BAB7D}"
EndProject
Project("{2150E333-8FDC-42A3-9474-1A3956D46DE8}") = "Tests", "GLFW3\Tests", "{108E7DA3-E1FD-3932-9D2C-E159B566AE56}"
EndProject
Project("{8BC9CEB8-8B4A-11D0-8D11-00A0C91BC942}") = "ALL_BUILD", "ALL_BUILD.vcxproj", "{A278F334-8C47-3752-9BAA-9368BBD1C52D}"
	ProjectSection(ProjectDependencies) = postProject
		{B3048382-BB14-3B0F-880C-86CA202E8D96} = {B3048382-BB14-3B0F-880C-86CA202E8D96}
		{B194A199-E9A0-333E-8BCE-4FCE48B688F5} = {B194A199-E9A0-333E-8BCE-4FCE48B688F5}
		{C1973BFA-9F9B-3686-93B9-7ECEFC9571F1} = {C1973BFA-9F9B-3686-93B9-7ECEFC9571F1}
		{C12CB25C-690C-3E2B-944D-56A5C7BAA91E} = {C12CB25C-690C-3E2B-944D-56A5C7BAA91E}
		{9F6A5679-DFD4-3D21-96AD-9AAE74788174} = {9F6A5679-DFD4-3D21-96AD-9AAE74788174}
		{419FF519-4157-3B7B-AB1E-6CB7DC233EC8} = {419FF519-4157-3B7B-AB1E-6CB7DC233EC8}
		{7F600FA2-1076-3FDA-9237-AB85AADC35B2} = {7F600FA2-1076-3FDA-9237-AB85AADC35B2}
		{97AD7B51-DE70-3570-AFB7-570E7838A680} = {97AD7B51-DE70-3570-AFB7-570E7838A680}
		{FFB932BE-357A-39E8-9A6C-D5B682901F37} = {FFB932BE-357A-39E8-9A6C-D5B682901F37}
		{9490BDC5-494F-39CA-81E5-0A4D9F4ADCF6} = {9490BDC5-494F-39CA-81E5-0A4D9F4ADCF6}
		{FFB96D43-30BC-3B09-9020-E45B4EE30DE4} = {FFB96D43-30BC-3B09-9020-E45B4EE30DE4}
		{92146978-68CF-3399-9303-76D1B06A83BB} = {92146978-68CF-3399-9303-76D1B06A83BB}
		{216F4B44-12BF-39D8-9288-5458EB57E2B7} = {216F4B44-12BF-39D8-9288-5458EB57E2B7}
		{0D9ECC85-94C0-31A5-B55C-21B853A10B06} = {0D9ECC85-94C0-31A5-B55C-21B853A10B06}
		{5206859A-3DA1-376F-9065-C03CFD6BB168} = {5206859A-3DA1-376F-9065-C03CFD6BB168}
		{92F3C098-F72C-32EF-914C-327A371A39C7} = {92F3C098-F72C-32EF-914C-327A371A39C7}
		{46AA4F5D-6129-3925-A922-DA11729FA87A} = {46AA4F5D-6129-3925-A922-DA11729FA87A}
		{19CFB39F-325F-3713-A49F-17B9128674C2} = {19CFB39F-325F-3713-A49F-17B9128674C2}
		{50ADC055-F690-3CC6-8208-13E8B075E81F} = {50ADC055-F690-3CC6-8208-13E8B075E81F}
		{881B0874-D908-322B-9E4A-51A4A23F7575} = {881B0874-D908-322B-9E4A-51A4A23F7575}
		{A2CD7966-D458-3EA0-A4EB-2F9DD652816E} = {A2CD7966-D458-3EA0-A4EB-2F9DD652816E}
		{156B375F-7256-3AA1-933F-529F05A52E11} = {156B375F-7256-3AA1-933F-529F05A52E11}
		{032D1452-9082-3A8C-A549-D35B916D0EA6} = {032D1452-9082-3A8C-A549-D35B916D0EA6}
		{E6AB1DB1-1A22-3532-8022-D6F736F7EDD7} = {E6AB1DB1-1A22-3532-8022-D6F736F7EDD7}
		{97D7E6F4-1305-3911-8045-7888DE847524} = {97D7E6F4-1305-3911-8045-7888DE847524}
		{93C4C74D-9561-365E-ADA8-3435A5519AD5} = {93C4C74D-9561-365E-ADA8-3435A5519AD5}
		{A77C4D48-2915-348C-A369-6F3A78DC02EC} = {A77C4D48-2915-348C-A369-6F3A78DC02EC}
		{B175433A-0E11-33EA-96DB-6A456D757299} = {B175433A-0E11-33EA-96DB-6A456D757299}
		{07AEB1E5-8716-3186-A03B-70785F1797EF} = {07AEB1E5-8716-3186-A03B-70785F1797EF}
		{56522CCB-9260-3885-9EA0-7FB46223D68A} = {56522CCB-9260-3885-9EA0-7FB46223D68A}
		{4F82F6F8-484C-3D4B-AC71-5FEC4BC55FE4} = {4F82F6F8-484C-3D4B-AC71-5FEC4BC55FE4}
		{C9901FDC-08F3-31F9-9269-DD315C2C7C83} = {C9901FDC-08F3-31F9-9269-DD315C2C7C83}
		{D704063B-1843-3268-9363-78DDA01129AE} = {D704063B-1843-3268-9363-78DDA01129AE}
		{E8120A31-BB3F-3EB1-998F-0C85D8FD22C2} = {E8120A31-BB3F-3EB1-998F-0C85D8FD22C2}
		{A812BE00-C28A-34C2-8EE4-2006B7C68A08} = {A812BE00-C28A-34C2-8EE4-2006B7C68A08}
		{48BDAB43-4C83-39F8-9BE4-B2386E63C522} = {48BDAB43-4C83-39F8-9BE4-B2386E63C522}
		{852CDADF-CB41-3587-870A-35E4918B6BCA} = {852CDADF-CB41-3587-870A-35E4918B6BCA}
		{78C72358-7376-3654-8237-F34C8588F7BB} = {78C72358-7376-3654-8237-F34C8588F7BB}
		{CBB3660B-6138-365D-A241-4D29AC248659} = {CBB3660B-6138-365D-A241-4D29AC248659}
		{ADAC6304-D5FA-3D55-A7D0-391FAA3C3CAB} = {ADAC6304-D5FA-3D55-A7D0-391FAA3C3CAB}
		{6428454C-1893-3CC9-802A-815A7B7967B5} = {6428454C-1893-3CC9-802A-815A7B7967B5}
		{388B4948-26EA-341C-BB41-AC4E8AE596EF} = {388B4948-26EA-341C-BB41-AC4E8AE596EF}
		{40BF5E61-FCDC-3424-88F6-7DA8D6A6E4E7} = {40BF5E61-FCDC-3424-88F6-7DA8D6A6E4E7}
		{558AF7C2-6D56-3DD7-BF07-6FC4717B120B} = {558AF7C2-6D56-3DD7-BF07-6FC4717B120B}
		{EEE8BBFF-D91A-3491-8F5D-EF6B51356BA0} = {EEE8BBFF-D91A-3491-8F5D-EF6B51356BA0}
		{4222EA6C-A799-398A-BE23-DDB6CA2BA167} = {4222EA6C-A799-398A-BE23-DDB6CA2BA167}
		{18B851E9-DC33-3566-BF38-34FC55B4422C} = {18B851E9-DC33-3566-BF38-34FC55B4422C}
		{4553AC1E-66A0-32EB-9B06-40DCB4331FF3} = {4553AC1E-66A0-32EB-9B06-40DCB4331FF3}
		{64D3D547-BEF4-3D01-A20A-C9332E8D8419} = {64D3D547-BEF4-3D01-A20A-C9332E8D8419}
		{512419C9-7CB5-3100-AC0C-DED6E102E390} = {512419C9-7CB5-3100-AC0C-DED6E102E390}
		{5E8A2743-8C48-3840-92A4-E60F5A06F1A0} = {5E8A2743-8C48-3840-92A4-E60F5A06F1A0}
		{27641EFE-5ED2-3052-A31E-0A2C6FA13D4E} = {27641EFE-5ED2-3052-A31E-0A2C6FA13D4E}
		{E1FD7395-176B-3547-A901-D3CABF461710} = {E1FD7395-176B-3547-A901-D3CABF461710}
		{41E2A52D-BD22-3E45-87C2-BC9EFFFDF447} = {41E2A52D-BD22-3E45-87C2-BC9EFFFDF447}
		{46C53109-33F2-39E6-A6B5-5E4AA3338421} = {46C53109-33F2-39E6-A6B5-5E4AA3338421}
		{03B9FEE1-0887-34FF-8436-7D0BE107E6F4} = {03B9FEE1-0887-34FF-8436-7D0BE107E6F4}
		{88891B32-0BD3-3A00-BE36-E13157E7425E} = {88891B32-0BD3-3A00-BE36-E13157E7425E}
		{846508CF-5529-3741-B4FC-1C769BA3FD60} = {846508CF-5529-3741-B4FC-1C769BA3FD60}
		{E14F0FE8-528A-346C-BA94-065752D37ED6} = {E14F0FE8-528A-346C-BA94-065752D37ED6}
	EndProjectSection
EndProject
Project("{8BC9CEB8-8B4A-11D0-8D11-00A0C91BC942}") = "ANTTWEAKBAR_116_OGLCORE_GLFW", "external\ANTTWEAKBAR_116_OGLCORE_GLFW.vcxproj", "{B3048382-BB14-3B0F-880C-86CA202E8D96}"
	ProjectSection(ProjectDependencies) = postProject
		{7F600FA2-1076-3FDA-9237-AB85AADC35B2} = {7F600FA2-1076-3FDA-9237-AB85AADC35B2}
	EndProjectSection
EndProject
Project("{8BC9CEB8-8B4A-11D0-8D11-00A0C91BC942}") = "BulletCollision", "external\bullet-2.81-rev2613\src\BulletCollision\BulletCollision.vcxproj", "{B194A199-E9A0-333E-8BCE-4FCE48B688F5}"
	ProjectSection(ProjectDependencies) = postProject
		{7F600FA2-1076-3FDA-9237-AB85AADC35B2} = {7F600FA2-1076-3FDA-9237-AB85AADC35B2}
	EndProjectSection
EndProject
Project("{8BC9CEB8-8B4A-11D0-8D11-00A0C91BC942}") = "BulletDynamics", "external\bullet-2.81-rev2613\src\BulletDynamics\BulletDynamics.vcxproj", "{C1973BFA-9F9B-3686-93B9-7ECEFC9571F1}"
	ProjectSection(ProjectDependencies) = postProject
		{7F600FA2-1076-3FDA-9237-AB85AADC35B2} = {7F600FA2-1076-3FDA-9237-AB85AADC35B2}
	EndProjectSection
EndProject
Project("{8BC9CEB8-8B4A-11D0-8D11-00A0C91BC942}") = "BulletSoftBody", "external\bullet-2.81-rev2613\src\BulletSoftBody\BulletSoftBody.vcxproj", "{C12CB25C-690C-3E2B-944D-56A5C7BAA91E}"
	ProjectSection(ProjectDependencies) = postProject
		{7F600FA2-1076-3FDA-9237-AB85AADC35B2} = {7F600FA2-1076-3FDA-9237-AB85AADC35B2}
	EndProjectSection
EndProject
Project("{8BC9CEB8-8B4A-11D0-8D11-00A0C91BC942}") = "GLEW_1130", "external\GLEW_1130.vcxproj", "{9F6A5679-DFD4-3D21-96AD-9AAE74788174}"
	ProjectSection(ProjectDependencies) = postProject
		{7F600FA2-1076-3FDA-9237-AB85AADC35B2} = {7F600FA2-1076-3FDA-9237-AB85AADC35B2}
	EndProjectSection
EndProject
Project("{8BC9CEB8-8B4A-11D0-8D11-00A0C91BC942}") = "INSTALL", "INSTALL.vcxproj", "{38E78064-79AD-378C-A41D-7BDD47F3DE70}"
	ProjectSection(ProjectDependencies) = postProject
		{A278F334-8C47-3752-9BAA-9368BBD1C52D} = {A278F334-8C47-3752-9BAA-9368BBD1C52D}
		{7F600FA2-1076-3FDA-9237-AB85AADC35B2} = {7F600FA2-1076-3FDA-9237-AB85AADC35B2}
	EndProjectSection
EndProject
Project("{8BC9CEB8-8B4A-11D0-8D11-00A0C91BC942}") = "LinearMath", "external\bullet-2.81-rev2613\src\LinearMath\LinearMath.vcxproj", "{419FF519-4157-3B7B-AB1E-6CB7DC233EC8}"
	ProjectSection(ProjectDependencies) = postProject
		{7F600FA2-1076-3FDA-9237-AB85AADC35B2} = {7F600FA2-1076-3FDA-9237-AB85AADC35B2}
	EndProjectSection
EndProject
Project("{8BC9CEB8-8B4A-11D0-8D11-00A0C91BC942}") = "ZERO_CHECK", "ZERO_CHECK.vcxproj", "{7F600FA2-1076-3FDA-9237-AB85AADC35B2}"
	ProjectSection(ProjectDependencies) = postProject
	EndProjectSection
EndProject
Project("{8BC9CEB8-8B4A-11D0-8D11-00A0C91BC942}") = "assimp", "external\assimp-3.0.1270\code\assimp.vcxproj", "{97AD7B51-DE70-3570-AFB7-570E7838A680}"
	ProjectSection(ProjectDependencies) = postProject
		{7F600FA2-1076-3FDA-9237-AB85AADC35B2} = {7F600FA2-1076-3FDA-9237-AB85AADC35B2}
		{E14F0FE8-528A-346C-BA94-065752D37ED6} = {E14F0FE8-528A-346C-BA94-065752D37ED6}
	EndProjectSection
EndProject
Project("{8BC9CEB8-8B4A-11D0-8D11-00A0C91BC942}") = "boing", "external\glfw-3.1.2\examples\boing.vcxproj", "{FFB932BE-357A-39E8-9A6C-D5B682901F37}"
	ProjectSection(ProjectDependencies) = postProject
		{7F600FA2-1076-3FDA-9237-AB85AADC35B2} = {7F600FA2-1076-3FDA-9237-AB85AADC35B2}
		{92F3C098-F72C-32EF-914C-327A371A39C7} = {92F3C098-F72C-32EF-914C-327A371A39C7}
	EndProjectSection
EndProject
Project("{8BC9CEB8-8B4A-11D0-8D11-00A0C91BC942}") = "clipboard", "external\glfw-3.1.2\tests\clipboard.vcxproj", "{9490BDC5-494F-39CA-81E5-0A4D9F4ADCF6}"
	ProjectSection(ProjectDependencies) = postProject
		{7F600FA2-1076-3FDA-9237-AB85AADC35B2} = {7F600FA2-1076-3FDA-9237-AB85AADC35B2}
		{92F3C098-F72C-32EF-914C-327A371A39C7} = {92F3C098-F72C-32EF-914C-327A371A39C7}
	EndProjectSection
EndProject
Project("{8BC9CEB8-8B4A-11D0-8D11-00A0C91BC942}") = "cursor", "external\glfw-3.1.2\tests\cursor.vcxproj", "{FFB96D43-30BC-3B09-9020-E45B4EE30DE4}"
	ProjectSection(ProjectDependencies) = postProject
		{7F600FA2-1076-3FDA-9237-AB85AADC35B2} = {7F600FA2-1076-3FDA-9237-AB85AADC35B2}
		{92F3C098-F72C-32EF-914C-327A371A39C7} = {92F3C098-F72C-32EF-914C-327A371A39C7}
	EndProjectSection
EndProject
Project("{8BC9CEB8-8B4A-11D0-8D11-00A0C91BC942}") = "empty", "external\glfw-3.1.2\tests\empty.vcxproj", "{92146978-68CF-3399-9303-76D1B06A83BB}"
	ProjectSection(ProjectDependencies) = postProject
		{7F600FA2-1076-3FDA-9237-AB85AADC35B2} = {7F600FA2-1076-3FDA-9237-AB85AADC35B2}
		{92F3C098-F72C-32EF-914C-327A371A39C7} = {92F3C098-F72C-32EF-914C-327A371A39C7}
	EndProjectSection
EndProject
Project("{8BC9CEB8-8B4A-11D0-8D11-00A0C91BC942}") = "events", "external\glfw-3.1.2\tests\events.vcxproj", "{216F4B44-12BF-39D8-9288-5458EB57E2B7}"
	ProjectSection(ProjectDependencies) = postProject
		{7F600FA2-1076-3FDA-9237-AB85AADC35B2} = {7F600FA2-1076-3FDA-9237-AB85AADC35B2}
		{92F3C098-F72C-32EF-914C-327A371A39C7} = {92F3C098-F72C-32EF-914C-327A371A39C7}
	EndProjectSection
EndProject
Project("{8BC9CEB8-8B4A-11D0-8D11-00A0C91BC942}") = "gamma", "external\glfw-3.1.2\tests\gamma.vcxproj", "{0D9ECC85-94C0-31A5-B55C-21B853A10B06}"
	ProjectSection(ProjectDependencies) = postProject
		{7F600FA2-1076-3FDA-9237-AB85AADC35B2} = {7F600FA2-1076-3FDA-9237-AB85AADC35B2}
		{92F3C098-F72C-32EF-914C-327A371A39C7} = {92F3C098-F72C-32EF-914C-327A371A39C7}
	EndProjectSection
EndProject
Project("{8BC9CEB8-8B4A-11D0-8D11-00A0C91BC942}") = "gears", "external\glfw-3.1.2\examples\gears.vcxproj", "{5206859A-3DA1-376F-9065-C03CFD6BB168}"
	ProjectSection(ProjectDependencies) = postProject
		{7F600FA2-1076-3FDA-9237-AB85AADC35B2} = {7F600FA2-1076-3FDA-9237-AB85AADC35B2}
		{92F3C098-F72C-32EF-914C-327A371A39C7} = {92F3C098-F72C-32EF-914C-327A371A39C7}
	EndProjectSection
EndProject
Project("{8BC9CEB8-8B4A-11D0-8D11-00A0C91BC942}") = "glfw", "external\glfw-3.1.2\src\glfw.vcxproj", "{92F3C098-F72C-32EF-914C-327A371A39C7}"
	ProjectSection(ProjectDependencies) = postProject
		{7F600FA2-1076-3FDA-9237-AB85AADC35B2} = {7F600FA2-1076-3FDA-9237-AB85AADC35B2}
	EndProjectSection
EndProject
Project("{8BC9CEB8-8B4A-11D0-8D11-00A0C91BC942}") = "glfwinfo", "external\glfw-3.1.2\tests\glfwinfo.vcxproj", "{46AA4F5D-6129-3925-A922-DA11729FA87A}"
	ProjectSection(ProjectDependencies) = postProject
		{7F600FA2-1076-3FDA-9237-AB85AADC35B2} = {7F600FA2-1076-3FDA-9237-AB85AADC35B2}
		{92F3C098-F72C-32EF-914C-327A371A39C7} = {92F3C098-F72C-32EF-914C-327A371A39C7}
	EndProjectSection
EndProject
Project("{8BC9CEB8-8B4A-11D0-8D11-00A0C91BC942}") = "heightmap", "external\glfw-3.1.2\examples\heightmap.vcxproj", "{19CFB39F-325F-3713-A49F-17B9128674C2}"
	ProjectSection(ProjectDependencies) = postProject
		{7F600FA2-1076-3FDA-9237-AB85AADC35B2} = {7F600FA2-1076-3FDA-9237-AB85AADC35B2}
		{92F3C098-F72C-32EF-914C-327A371A39C7} = {92F3C098-F72C-32EF-914C-327A371A39C7}
	EndProjectSection
EndProject
Project("{8BC9CEB8-8B4A-11D0-8D11-00A0C91BC942}") = "iconify", "external\glfw-3.1.2\tests\iconify.vcxproj", "{50ADC055-F690-3CC6-8208-13E8B075E81F}"
	ProjectSection(ProjectDependencies) = postProject
		{7F600FA2-1076-3FDA-9237-AB85AADC35B2} = {7F600FA2-1076-3FDA-9237-AB85AADC35B2}
		{92F3C098-F72C-32EF-914C-327A371A39C7} = {92F3C098-F72C-32EF-914C-327A371A39C7}
	EndProjectSection
EndProject
Project("{8BC9CEB8-8B4A-11D0-8D11-00A0C91BC942}") = "joysticks", "external\glfw-3.1.2\tests\joysticks.vcxproj", "{881B0874-D908-322B-9E4A-51A4A23F7575}"
	ProjectSection(ProjectDependencies) = postProject
		{7F600FA2-1076-3FDA-9237-AB85AADC35B2} = {7F600FA2-1076-3FDA-9237-AB85AADC35B2}
		{92F3C098-F72C-32EF-914C-327A371A39C7} = {92F3C098-F72C-32EF-914C-327A371A39C7}
	EndProjectSection
EndProject
Project("{8BC9CEB8-8B4A-11D0-8D11-00A0C91BC942}") = "misc05_picking_BulletPhysics", "misc05_picking_BulletPhysics.vcxproj", "{A2CD7966-D458-3EA0-A4EB-2F9DD652816E}"
	ProjectSection(ProjectDependencies) = postProject
		{B3048382-BB14-3B0F-880C-86CA202E8D96} = {B3048382-BB14-3B0F-880C-86CA202E8D96}
		{B194A199-E9A0-333E-8BCE-4FCE48B688F5} = {B194A199-E9A0-333E-8BCE-4FCE48B688F5}
		{C1973BFA-9F9B-3686-93B9-7ECEFC9571F1} = {C1973BFA-9F9B-3686-93B9-7ECEFC9571F1}
		{9F6A5679-DFD4-3D21-96AD-9AAE74788174} = {9F6A5679-DFD4-3D21-96AD-9AAE74788174}
		{419FF519-4157-3B7B-AB1E-6CB7DC233EC8} = {419FF519-4157-3B7B-AB1E-6CB7DC233EC8}
		{7F600FA2-1076-3FDA-9237-AB85AADC35B2} = {7F600FA2-1076-3FDA-9237-AB85AADC35B2}
		{92F3C098-F72C-32EF-914C-327A371A39C7} = {92F3C098-F72C-32EF-914C-327A371A39C7}
	EndProjectSection
EndProject
Project("{8BC9CEB8-8B4A-11D0-8D11-00A0C91BC942}") = "misc05_picking_custom", "misc05_picking_custom.vcxproj", "{156B375F-7256-3AA1-933F-529F05A52E11}"
	ProjectSection(ProjectDependencies) = postProject
		{B3048382-BB14-3B0F-880C-86CA202E8D96} = {B3048382-BB14-3B0F-880C-86CA202E8D96}
		{9F6A5679-DFD4-3D21-96AD-9AAE74788174} = {9F6A5679-DFD4-3D21-96AD-9AAE74788174}
		{7F600FA2-1076-3FDA-9237-AB85AADC35B2} = {7F600FA2-1076-3FDA-9237-AB85AADC35B2}
		{92F3C098-F72C-32EF-914C-327A371A39C7} = {92F3C098-F72C-32EF-914C-327A371A39C7}
	EndProjectSection
EndProject
Project("{8BC9CEB8-8B4A-11D0-8D11-00A0C91BC942}") = "misc05_picking_slow_easy", "misc05_picking_slow_easy.vcxproj", "{032D1452-9082-3A8C-A549-D35B916D0EA6}"
	ProjectSection(ProjectDependencies) = postProject
		{B3048382-BB14-3B0F-880C-86CA202E8D96} = {B3048382-BB14-3B0F-880C-86CA202E8D96}
		{9F6A5679-DFD4-3D21-96AD-9AAE74788174} = {9F6A5679-DFD4-3D21-96AD-9AAE74788174}
		{7F600FA2-1076-3FDA-9237-AB85AADC35B2} = {7F600FA2-1076-3FDA-9237-AB85AADC35B2}
		{92F3C098-F72C-32EF-914C-327A371A39C7} = {92F3C098-F72C-32EF-914C-327A371A39C7}
	EndProjectSection
EndProject
Project("{8BC9CEB8-8B4A-11D0-8D11-00A0C91BC942}") = "monitors", "external\glfw-3.1.2\tests\monitors.vcxproj", "{E6AB1DB1-1A22-3532-8022-D6F736F7EDD7}"
	ProjectSection(ProjectDependencies) = postProject
		{7F600FA2-1076-3FDA-9237-AB85AADC35B2} = {7F600FA2-1076-3FDA-9237-AB85AADC35B2}
		{92F3C098-F72C-32EF-914C-327A371A39C7} = {92F3C098-F72C-32EF-914C-327A371A39C7}
	EndProjectSection
EndProject
Project("{8BC9CEB8-8B4A-11D0-8D11-00A0C91BC942}") = "msaa", "external\glfw-3.1.2\tests\msaa.vcxproj", "{97D7E6F4-1305-3911-8045-7888DE847524}"
	ProjectSection(ProjectDependencies) = postProject
		{7F600FA2-1076-3FDA-9237-AB85AADC35B2} = {7F600FA2-1076-3FDA-9237-AB85AADC35B2}
		{92F3C098-F72C-32EF-914C-327A371A39C7} = {92F3C098-F72C-32EF-914C-327A371A39C7}
	EndProjectSection
EndProject
Project("{8BC9CEB8-8B4A-11D0-8D11-00A0C91BC942}") = "particles", "external\glfw-3.1.2\examples\particles.vcxproj", "{93C4C74D-9561-365E-ADA8-3435A5519AD5}"
	ProjectSection(ProjectDependencies) = postProject
		{7F600FA2-1076-3FDA-9237-AB85AADC35B2} = {7F600FA2-1076-3FDA-9237-AB85AADC35B2}
		{92F3C098-F72C-32EF-914C-327A371A39C7} = {92F3C098-F72C-32EF-914C-327A371A39C7}
	EndProjectSection
EndProject
Project("{8BC9CEB8-8B4A-11D0-8D11-00A0C91BC942}") = "playground", "playground.vcxproj", "{A77C4D48-2915-348C-A369-6F3A78DC02EC}"
	ProjectSection(ProjectDependencies) = postProject
		{9F6A5679-DFD4-3D21-96AD-9AAE74788174} = {9F6A5679-DFD4-3D21-96AD-9AAE74788174}
		{7F600FA2-1076-3FDA-9237-AB85AADC35B2} = {7F600FA2-1076-3FDA-9237-AB85AADC35B2}
		{92F3C098-F72C-32EF-914C-327A371A39C7} = {92F3C098-F72C-32EF-914C-327A371A39C7}
	EndProjectSection
EndProject
Project("{8BC9CEB8-8B4A-11D0-8D11-00A0C91BC942}") = "reopen", "external\glfw-3.1.2\tests\reopen.vcxproj", "{B175433A-0E11-33EA-96DB-6A456D757299}"
	ProjectSection(ProjectDependencies) = postProject
		{7F600FA2-1076-3FDA-9237-AB85AADC35B2} = {7F600FA2-1076-3FDA-9237-AB85AADC35B2}
		{92F3C098-F72C-32EF-914C-327A371A39C7} = {92F3C098-F72C-32EF-914C-327A371A39C7}
	EndProjectSection
EndProject
Project("{8BC9CEB8-8B4A-11D0-8D11-00A0C91BC942}") = "sharing", "external\glfw-3.1.2\tests\sharing.vcxproj", "{07AEB1E5-8716-3186-A03B-70785F1797EF}"
	ProjectSection(ProjectDependencies) = postProject
		{7F600FA2-1076-3FDA-9237-AB85AADC35B2} = {7F600FA2-1076-3FDA-9237-AB85AADC35B2}
		{92F3C098-F72C-32EF-914C-327A371A39C7} = {92F3C098-F72C-32EF-914C-327A371A39C7}
	EndProjectSection
EndProject
Project("{8BC9CEB8-8B4A-11D0-8D11-00A0C91BC942}") = "simple", "external\glfw-3.1.2\examples\simple.vcxproj", "{56522CCB-9260-3885-9EA0-7FB46223D68A}"
	ProjectSection(ProjectDependencies) = postProject
		{7F600FA2-1076-3FDA-9237-AB85AADC35B2} = {7F600FA2-1076-3FDA-9237-AB85AADC35B2}
		{92F3C098-F72C-32EF-914C-327A371A39C7} = {92F3C098-F72C-32EF-914C-327A371A39C7}
	EndProjectSection
EndProject
Project("{8BC9CEB8-8B4A-11D0-8D11-00A0C91BC942}") = "splitview", "external\glfw-3.1.2\examples\splitview.vcxproj", "{4F82F6F8-484C-3D4B-AC71-5FEC4BC55FE4}"
	ProjectSection(ProjectDependencies) = postProject
		{7F600FA2-1076-3FDA-9237-AB85AADC35B2} = {7F600FA2-1076-3FDA-9237-AB85AADC35B2}
		{92F3C098-F72C-32EF-914C-327A371A39C7} = {92F3C098-F72C-32EF-914C-327A371A39C7}
	EndProjectSection
EndProject
Project("{8BC9CEB8-8B4A-11D0-8D11-00A0C91BC942}") = "tearing", "external\glfw-3.1.2\tests\tearing.vcxproj", "{C9901FDC-08F3-31F9-9269-DD315C2C7C83}"
	ProjectSection(ProjectDependencies) = postProject
		{7F600FA2-1076-3FDA-9237-AB85AADC35B2} = {7F600FA2-1076-3FDA-9237-AB85AADC35B2}
		{92F3C098-F72C-32EF-914C-327A371A39C7} = {92F3C098-F72C-32EF-914C-327A371A39C7}
	EndProjectSection
EndProject
Project("{8BC9CEB8-8B4A-11D0-8D11-00A0C91BC942}") = "threads", "external\glfw-3.1.2\tests\threads.vcxproj", "{D704063B-1843-3268-9363-78DDA01129AE}"
	ProjectSection(ProjectDependencies) = postProject
		{7F600FA2-1076-3FDA-9237-AB85AADC35B2} = {7F600FA2-1076-3FDA-9237-AB85AADC35B2}
		{92F3C098-F72C-32EF-914C-327A371A39C7} = {92F3C098-F72C-32EF-914C-327A371A39C7}
	EndProjectSection
EndProject
Project("{8BC9CEB8-8B4A-11D0-8D11-00A0C91BC942}") = "title", "external\glfw-3.1.2\tests\title.vcxproj", "{E8120A31-BB3F-3EB1-998F-0C85D8FD22C2}"
	ProjectSection(ProjectDependencies) = postProject
		{7F600FA2-1076-3FDA-9237-AB85AADC35B2} = {7F600FA2-1076-3FDA-9237-AB85AADC35B2}
		{92F3C098-F72C-32EF-914C-327A371A39C7} = {92F3C098-F72C-32EF-914C-327A371A39C7}
	EndProjectSection
EndProject
Project("{8BC9CEB8-8B4A-11D0-8D11-00A0C91BC942}") = "tutorial01_first_window", "tutorial01_first_window.vcxproj", "{A812BE00-C28A-34C2-8EE4-2006B7C68A08}"
	ProjectSection(ProjectDependencies) = postProject
		{9F6A5679-DFD4-3D21-96AD-9AAE74788174} = {9F6A5679-DFD4-3D21-96AD-9AAE74788174}
		{7F600FA2-1076-3FDA-9237-AB85AADC35B2} = {7F600FA2-1076-3FDA-9237-AB85AADC35B2}
		{92F3C098-F72C-32EF-914C-327A371A39C7} = {92F3C098-F72C-32EF-914C-327A371A39C7}
	EndProjectSection
EndProject
Project("{8BC9CEB8-8B4A-11D0-8D11-00A0C91BC942}") = "tutorial02_red_triangle", "tutorial02_red_triangle.vcxproj", "{48BDAB43-4C83-39F8-9BE4-B2386E63C522}"
	ProjectSection(ProjectDependencies) = postProject
		{9F6A5679-DFD4-3D21-96AD-9AAE74788174} = {9F6A5679-DFD4-3D21-96AD-9AAE74788174}
		{7F600FA2-1076-3FDA-9237-AB85AADC35B2} = {7F600FA2-1076-3FDA-9237-AB85AADC35B2}
		{92F3C098-F72C-32EF-914C-327A371A39C7} = {92F3C098-F72C-32EF-914C-327A371A39C7}
	EndProjectSection
EndProject
Project("{8BC9CEB8-8B4A-11D0-8D11-00A0C91BC942}") = "tutorial03_matrices", "tutorial03_matrices.vcxproj", "{852CDADF-CB41-3587-870A-35E4918B6BCA}"
	ProjectSection(ProjectDependencies) = postProject
		{9F6A5679-DFD4-3D21-96AD-9AAE74788174} = {9F6A5679-DFD4-3D21-96AD-9AAE74788174}
		{7F600FA2-1076-3FDA-9237-AB85AADC35B2} = {7F600FA2-1076-3FDA-9237-AB85AADC35B2}
		{92F3C098-F72C-32EF-914C-327A371A39C7} = {92F3C098-F72C-32EF-914C-327A371A39C7}
	EndProjectSection
EndProject
Project("{8BC9CEB8-8B4A-11D0-8D11-00A0C91BC942}") = "tutorial04_colored_cube", "tutorial04_colored_cube.vcxproj", "{78C72358-7376-3654-8237-F34C8588F7BB}"
	ProjectSection(ProjectDependencies) = postProject
		{9F6A5679-DFD4-3D21-96AD-9AAE74788174} = {9F6A5679-DFD4-3D21-96AD-9AAE74788174}
		{7F600FA2-1076-3FDA-9237-AB85AADC35B2} = {7F600FA2-1076-3FDA-9237-AB85AADC35B2}
		{92F3C098-F72C-32EF-914C-327A371A39C7} = {92F3C098-F72C-32EF-914C-327A371A39C7}
	EndProjectSection
EndProject
Project("{8BC9CEB8-8B4A-11D0-8D11-00A0C91BC942}") = "tutorial05_textured_cube", "tutorial05_textured_cube.vcxproj", "{CBB3660B-6138-365D-A241-4D29AC248659}"
	ProjectSection(ProjectDependencies) = postProject
		{9F6A5679-DFD4-3D21-96AD-9AAE74788174} = {9F6A5679-DFD4-3D21-96AD-9AAE74788174}
		{7F600FA2-1076-3FDA-9237-AB85AADC35B2} = {7F600FA2-1076-3FDA-9237-AB85AADC35B2}
		{92F3C098-F72C-32EF-914C-327A371A39C7} = {92F3C098-F72C-32EF-914C-327A371A39C7}
	EndProjectSection
EndProject
Project("{8BC9CEB8-8B4A-11D0-8D11-00A0C91BC942}") = "tutorial06_keyboard_and_mouse", "tutorial06_keyboard_and_mouse.vcxproj", "{ADAC6304-D5FA-3D55-A7D0-391FAA3C3CAB}"
	ProjectSection(ProjectDependencies) = postProject
		{9F6A5679-DFD4-3D21-96AD-9AAE74788174} = {9F6A5679-DFD4-3D21-96AD-9AAE74788174}
		{7F600FA2-1076-3FDA-9237-AB85AADC35B2} = {7F600FA2-1076-3FDA-9237-AB85AADC35B2}
		{92F3C098-F72C-32EF-914C-327A371A39C7} = {92F3C098-F72C-32EF-914C-327A371A39C7}
	EndProjectSection
EndProject
Project("{8BC9CEB8-8B4A-11D0-8D11-00A0C91BC942}") = "tutorial07_model_loading", "tutorial07_model_loading.vcxproj", "{6428454C-1893-3CC9-802A-815A7B7967B5}"
	ProjectSection(ProjectDependencies) = postProject
		{9F6A5679-DFD4-3D21-96AD-9AAE74788174} = {9F6A5679-DFD4-3D21-96AD-9AAE74788174}
		{7F600FA2-1076-3FDA-9237-AB85AADC35B2} = {7F600FA2-1076-3FDA-9237-AB85AADC35B2}
		{92F3C098-F72C-32EF-914C-327A371A39C7} = {92F3C098-F72C-32EF-914C-327A371A39C7}
	EndProjectSection
EndProject
Project("{8BC9CEB8-8B4A-11D0-8D11-00A0C91BC942}") = "tutorial08_basic_shading", "tutorial08_basic_shading.vcxproj", "{388B4948-26EA-341C-BB41-AC4E8AE596EF}"
	ProjectSection(ProjectDependencies) = postProject
		{9F6A5679-DFD4-3D21-96AD-9AAE74788174} = {9F6A5679-DFD4-3D21-96AD-9AAE74788174}
		{7F600FA2-1076-3FDA-9237-AB85AADC35B2} = {7F600FA2-1076-3FDA-9237-AB85AADC35B2}
		{92F3C098-F72C-32EF-914C-327A371A39C7} = {92F3C098-F72C-32EF-914C-327A371A39C7}
	EndProjectSection
EndProject
Project("{8BC9CEB8-8B4A-11D0-8D11-00A0C91BC942}") = "tutorial09_AssImp", "tutorial09_AssImp.vcxproj", "{40BF5E61-FCDC-3424-88F6-7DA8D6A6E4E7}"
	ProjectSection(ProjectDependencies) = postProject
		{9F6A5679-DFD4-3D21-96AD-9AAE74788174} = {9F6A5679-DFD4-3D21-96AD-9AAE74788174}
		{7F600FA2-1076-3FDA-9237-AB85AADC35B2} = {7F600FA2-1076-3FDA-9237-AB85AADC35B2}
		{97AD7B51-DE70-3570-AFB7-570E7838A680} = {97AD7B51-DE70-3570-AFB7-570E7838A680}
		{92F3C098-F72C-32EF-914C-327A371A39C7} = {92F3C098-F72C-32EF-914C-327A371A39C7}
		{E14F0FE8-528A-346C-BA94-065752D37ED6} = {E14F0FE8-528A-346C-BA94-065752D37ED6}
	EndProjectSection
EndProject
Project("{8BC9CEB8-8B4A-11D0-8D11-00A0C91BC942}") = "tutorial09_several_objects", "tutorial09_several_objects.vcxproj", "{558AF7C2-6D56-3DD7-BF07-6FC4717B120B}"
	ProjectSection(ProjectDependencies) = postProject
		{9F6A5679-DFD4-3D21-96AD-9AAE74788174} = {9F6A5679-DFD4-3D21-96AD-9AAE74788174}
		{7F600FA2-1076-3FDA-9237-AB85AADC35B2} = {7F600FA2-1076-3FDA-9237-AB85AADC35B2}
		{92F3C098-F72C-32EF-914C-327A371A39C7} = {92F3C098-F72C-32EF-914C-327A371A39C7}
	EndProjectSection
EndProject
Project("{8BC9CEB8-8B4A-11D0-8D11-00A0C91BC942}") = "tutorial09_vbo_indexing", "tutorial09_vbo_indexing.vcxproj", "{EEE8BBFF-D91A-3491-8F5D-EF6B51356BA0}"
	ProjectSection(ProjectDependencies) = postProject
		{9F6A5679-DFD4-3D21-96AD-9AAE74788174} = {9F6A5679-DFD4-3D21-96AD-9AAE74788174}
		{7F600FA2-1076-3FDA-9237-AB85AADC35B2} = {7F600FA2-1076-3FDA-9237-AB85AADC35B2}
		{92F3C098-F72C-32EF-914C-327A371A39C7} = {92F3C098-F72C-32EF-914C-327A371A39C7}
	EndProjectSection
EndProject
Project("{8BC9CEB8-8B4A-11D0-8D11-00A0C91BC942}") = "tutorial10_transparency", "tutorial10_transparency.vcxproj", "{4222EA6C-A799-398A-BE23-DDB6CA2BA167}"
	ProjectSection(ProjectDependencies) = postProject
		{9F6A5679-DFD4-3D21-96AD-9AAE74788174} = {9F6A5679-DFD4-3D21-96AD-9AAE74788174}
		{7F600FA2-1076-3FDA-9237-AB85AADC35B2} = {7F600FA2-1076-3FDA-9237-AB85AADC35B2}
		{92F3C098-F72C-32EF-914C-327A371A39C7} = {92F3C098-F72C-32EF-914C-327A371A39C7}
	EndProjectSection
EndProject
Project("{8BC9CEB8-8B4A-11D0-8D11-00A0C91BC942}") = "tutorial11_2d_fonts", "tutorial11_2d_fonts.vcxproj", "{18B851E9-DC33-3566-BF38-34FC55B4422C}"
	ProjectSection(ProjectDependencies) = postProject
		{9F6A5679-DFD4-3D21-96AD-9AAE74788174} = {9F6A5679-DFD4-3D21-96AD-9AAE74788174}
		{7F600FA2-1076-3FDA-9237-AB85AADC35B2} = {7F600FA2-1076-3FDA-9237-AB85AADC35B2}
		{92F3C098-F72C-32EF-914C-327A371A39C7} = {92F3C098-F72C-32EF-914C-327A371A39C7}
	EndProjectSection
EndProject
Project("{8BC9CEB8-8B4A-11D0-8D11-00A0C91BC942}") = "tutorial12_extensions", "tutorial12_extensions.vcxproj", "{4553AC1E-66A0-32EB-9B06-40DCB4331FF3}"
	ProjectSection(ProjectDependencies) = postProject
		{9F6A5679-DFD4-3D21-96AD-9AAE74788174} = {9F6A5679-DFD4-3D21-96AD-9AAE74788174}
		{7F600FA2-1076-3FDA-9237-AB85AADC35B2} = {7F600FA2-1076-3FDA-9237-AB85AADC35B2}
		{92F3C098-F72C-32EF-914C-327A371A39C7} = {92F3C098-F72C-32EF-914C-327A371A39C7}
	EndProjectSection
EndProject
Project("{8BC9CEB8-8B4A-11D0-8D11-00A0C91BC942}") = "tutorial13_normal_mapping", "tutorial13_normal_mapping.vcxproj", "{64D3D547-BEF4-3D01-A20A-C9332E8D8419}"
	ProjectSection(ProjectDependencies) = postProject
		{9F6A5679-DFD4-3D21-96AD-9AAE74788174} = {9F6A5679-DFD4-3D21-96AD-9AAE74788174}
		{7F600FA2-1076-3FDA-9237-AB85AADC35B2} = {7F600FA2-1076-3FDA-9237-AB85AADC35B2}
		{92F3C098-F72C-32EF-914C-327A371A39C7} = {92F3C098-F72C-32EF-914C-327A371A39C7}
	EndProjectSection
EndProject
Project("{8BC9CEB8-8B4A-11D0-8D11-00A0C91BC942}") = "tutorial14_render_to_texture", "tutorial14_render_to_texture.vcxproj", "{512419C9-7CB5-3100-AC0C-DED6E102E390}"
	ProjectSection(ProjectDependencies) = postProject
		{9F6A5679-DFD4-3D21-96AD-9AAE74788174} = {9F6A5679-DFD4-3D21-96AD-9AAE74788174}
		{7F600FA2-1076-3FDA-9237-AB85AADC35B2} = {7F600FA2-1076-3FDA-9237-AB85AADC35B2}
		{92F3C098-F72C-32EF-914C-327A371A39C7} = {92F3C098-F72C-32EF-914C-327A371A39C7}
	EndProjectSection
EndProject
Project("{8BC9CEB8-8B4A-11D0-8D11-00A0C91BC942}") = "tutorial15_lightmaps", "tutorial15_lightmaps.vcxproj", "{5E8A2743-8C48-3840-92A4-E60F5A06F1A0}"
	ProjectSection(ProjectDependencies) = postProject
		{9F6A5679-DFD4-3D21-96AD-9AAE74788174} = {9F6A5679-DFD4-3D21-96AD-9AAE74788174}
		{7F600FA2-1076-3FDA-9237-AB85AADC35B2} = {7F600FA2-1076-3FDA-9237-AB85AADC35B2}
		{92F3C098-F72C-32EF-914C-327A371A39C7} = {92F3C098-F72C-32EF-914C-327A371A39C7}
	EndProjectSection
EndProject
Project("{8BC9CEB8-8B4A-11D0-8D11-00A0C91BC942}") = "tutorial16_shadowmaps", "tutorial16_shadowmaps.vcxproj", "{27641EFE-5ED2-3052-A31E-0A2C6FA13D4E}"
	ProjectSection(ProjectDependencies) = postProject
		{9F6A5679-DFD4-3D21-96AD-9AAE74788174} = {9F6A5679-DFD4-3D21-96AD-9AAE74788174}
		{7F600FA2-1076-3FDA-9237-AB85AADC35B2} = {7F600FA2-1076-3FDA-9237-AB85AADC35B2}
		{92F3C098-F72C-32EF-914C-327A371A39C7} = {92F3C098-F72C-32EF-914C-327A371A39C7}
	EndProjectSection
EndProject
Project("{8BC9CEB8-8B4A-11D0-8D11-00A0C91BC942}") = "tutorial16_shadowmaps_simple", "tutorial16_shadowmaps_simple.vcxproj", "{E1FD7395-176B-3547-A901-D3CABF461710}"
	ProjectSection(ProjectDependencies) = postProject
		{9F6A5679-DFD4-3D21-96AD-9AAE74788174} = {9F6A5679-DFD4-3D21-96AD-9AAE74788174}
		{7F600FA2-1076-3FDA-9237-AB85AADC35B2} = {7F600FA2-1076-3FDA-9237-AB85AADC35B2}
		{92F3C098-F72C-32EF-914C-327A371A39C7} = {92F3C098-F72C-32EF-914C-327A371A39C7}
	EndProjectSection
EndProject
Project("{8BC9CEB8-8B4A-11D0-8D11-00A0C91BC942}") = "tutorial17_rotations", "tutorial17_rotations.vcxproj", "{41E2A52D-BD22-3E45-87C2-BC9EFFFDF447}"
	ProjectSection(ProjectDependencies) = postProject
		{B3048382-BB14-3B0F-880C-86CA202E8D96} = {B3048382-BB14-3B0F-880C-86CA202E8D96}
		{9F6A5679-DFD4-3D21-96AD-9AAE74788174} = {9F6A5679-DFD4-3D21-96AD-9AAE74788174}
		{7F600FA2-1076-3FDA-9237-AB85AADC35B2} = {7F600FA2-1076-3FDA-9237-AB85AADC35B2}
		{92F3C098-F72C-32EF-914C-327A371A39C7} = {92F3C098-F72C-32EF-914C-327A371A39C7}
	EndProjectSection
EndProject
Project("{8BC9CEB8-8B4A-11D0-8D11-00A0C91BC942}") = "tutorial18_billboards", "tutorial18_billboards.vcxproj", "{46C53109-33F2-39E6-A6B5-5E4AA3338421}"
	ProjectSection(ProjectDependencies) = postProject
		{9F6A5679-DFD4-3D21-96AD-9AAE74788174} = {9F6A5679-DFD4-3D21-96AD-9AAE74788174}
		{7F600FA2-1076-3FDA-9237-AB85AADC35B2} = {7F600FA2-1076-3FDA-9237-AB85AADC35B2}
		{92F3C098-F72C-32EF-914C-327A371A39C7} = {92F3C098-F72C-32EF-914C-327A371A39C7}
	EndProjectSection
EndProject
Project("{8BC9CEB8-8B4A-11D0-8D11-00A0C91BC942}") = "tutorial18_particles", "tutorial18_particles.vcxproj", "{03B9FEE1-0887-34FF-8436-7D0BE107E6F4}"
	ProjectSection(ProjectDependencies) = postProject
		{9F6A5679-DFD4-3D21-96AD-9AAE74788174} = {9F6A5679-DFD4-3D21-96AD-9AAE74788174}
		{7F600FA2-1076-3FDA-9237-AB85AADC35B2} = {7F600FA2-1076-3FDA-9237-AB85AADC35B2}
		{92F3C098-F72C-32EF-914C-327A371A39C7} = {92F3C098-F72C-32EF-914C-327A371A39C7}
	EndProjectSection
EndProject
Project("{8BC9CEB8-8B4A-11D0-8D11-00A0C91BC942}") = "uninstall", "external\glfw-3.1.2\uninstall.vcxproj", "{1AFDD1CC-E183-324A-88D2-82F50CCC25C7}"
	ProjectSection(ProjectDependencies) = postProject
		{7F600FA2-1076-3FDA-9237-AB85AADC35B2} = {7F600FA2-1076-3FDA-9237-AB85AADC35B2}
	EndProjectSection
EndProject
Project("{8BC9CEB8-8B4A-11D0-8D11-00A0C91BC942}") = "wave", "external\glfw-3.1.2\examples\wave.vcxproj", "{88891B32-0BD3-3A00-BE36-E13157E7425E}"
	ProjectSection(ProjectDependencies) = postProject
		{7F600FA2-1076-3FDA-9237-AB85AADC35B2} = {7F600FA2-1076-3FDA-9237-AB85AADC35B2}
		{92F3C098-F72C-32EF-914C-327A371A39C7} = {92F3C098-F72C-32EF-914C-327A371A39C7}
	EndProjectSection
EndProject
Project("{8BC9CEB8-8B4A-11D0-8D11-00A0C91BC942}") = "windows", "external\glfw-3.1.2\tests\windows.vcxproj", "{846508CF-5529-3741-B4FC-1C769BA3FD60}"
	ProjectSection(ProjectDependencies) = postProject
		{7F600FA2-1076-3FDA-9237-AB85AADC35B2} = {7F600FA2-1076-3FDA-9237-AB85AADC35B2}
		{92F3C098-F72C-32EF-914C-327A371A39C7} = {92F3C098-F72C-32EF-914C-327A371A39C7}
	EndProjectSection
EndProject
Project("{8BC9CEB8-8B4A-11D0-8D11-00A0C91BC942}") = "zlib", "external\assimp-3.0.1270\contrib\zlib\zlib.vcxproj", "{E14F0FE8-528A-346C-BA94-065752D37ED6}"
	ProjectSection(ProjectDependencies) = postProject
		{7F600FA2-1076-3FDA-9237-AB85AADC35B2} = {7F600FA2-1076-3FDA-9237-AB85AADC35B2}
	EndProjectSection
EndProject
Global
	GlobalSection(SolutionConfigurationPlatforms) = preSolution
		Debug|x64 = Debug|x64
		Release|x64 = Release|x64
		MinSizeRel|x64 = MinSizeRel|x64
		RelWithDebInfo|x64 = RelWithDebInfo|x64
	EndGlobalSection
	GlobalSection(ProjectConfigurationPlatforms) = postSolution
		{A278F334-8C47-3752-9BAA-9368BBD1C52D}.Debug|x64.ActiveCfg = Debug|x64
		{A278F334-8C47-3752-9BAA-9368BBD1C52D}.Debug|x64.Build.0 = Debug|x64
		{A278F334-8C47-3752-9BAA-9368BBD1C52D}.Release|x64.ActiveCfg = Release|x64
		{A278F334-8C47-3752-9BAA-9368BBD1C52D}.Release|x64.Build.0 = Release|x64
		{A278F334-8C47-3752-9BAA-9368BBD1C52D}.MinSizeRel|x64.ActiveCfg = MinSizeRel|x64
		{A278F334-8C47-3752-9BAA-9368BBD1C52D}.MinSizeRel|x64.Build.0 = MinSizeRel|x64
		{A278F334-8C47-3752-9BAA-9368BBD1C52D}.RelWithDebInfo|x64.ActiveCfg = RelWithDebInfo|x64
		{A278F334-8C47-3752-9BAA-9368BBD1C52D}.RelWithDebInfo|x64.Build.0 = RelWithDebInfo|x64
		{B3048382-BB14-3B0F-880C-86CA202E8D96}.Debug|x64.ActiveCfg = Debug|x64
		{B3048382-BB14-3B0F-880C-86CA202E8D96}.Debug|x64.Build.0 = Debug|x64
		{B3048382-BB14-3B0F-880C-86CA202E8D96}.Release|x64.ActiveCfg = Release|x64
		{B3048382-BB14-3B0F-880C-86CA202E8D96}.Release|x64.Build.0 = Release|x64
		{B3048382-BB14-3B0F-880C-86CA202E8D96}.MinSizeRel|x64.ActiveCfg = MinSizeRel|x64
		{B3048382-BB14-3B0F-880C-86CA202E8D96}.MinSizeRel|x64.Build.0 = MinSizeRel|x64
		{B3048382-BB14-3B0F-880C-86CA202E8D96}.RelWithDebInfo|x64.ActiveCfg = RelWithDebInfo|x64
		{B3048382-BB14-3B0F-880C-86CA202E8D96}.RelWithDebInfo|x64.Build.0 = RelWithDebInfo|x64
		{B194A199-E9A0-333E-8BCE-4FCE48B688F5}.Debug|x64.ActiveCfg = Debug|x64
		{B194A199-E9A0-333E-8BCE-4FCE48B688F5}.Debug|x64.Build.0 = Debug|x64
		{B194A199-E9A0-333E-8BCE-4FCE48B688F5}.Release|x64.ActiveCfg = Release|x64
		{B194A199-E9A0-333E-8BCE-4FCE48B688F5}.Release|x64.Build.0 = Release|x64
		{B194A199-E9A0-333E-8BCE-4FCE48B688F5}.MinSizeRel|x64.ActiveCfg = MinSizeRel|x64
		{B194A199-E9A0-333E-8BCE-4FCE48B688F5}.MinSizeRel|x64.Build.0 = MinSizeRel|x64
		{B194A199-E9A0-333E-8BCE-4FCE48B688F5}.RelWithDebInfo|x64.ActiveCfg = RelWithDebInfo|x64
		{B194A199-E9A0-333E-8BCE-4FCE48B688F5}.RelWithDebInfo|x64.Build.0 = RelWithDebInfo|x64
		{C1973BFA-9F9B-3686-93B9-7ECEFC9571F1}.Debug|x64.ActiveCfg = Debug|x64
		{C1973BFA-9F9B-3686-93B9-7ECEFC9571F1}.Debug|x64.Build.0 = Debug|x64
		{C1973BFA-9F9B-3686-93B9-7ECEFC9571F1}.Release|x64.ActiveCfg = Release|x64
		{C1973BFA-9F9B-3686-93B9-7ECEFC9571F1}.Release|x64.Build.0 = Release|x64
		{C1973BFA-9F9B-3686-93B9-7ECEFC9571F1}.MinSizeRel|x64.ActiveCfg = MinSizeRel|x64
		{C1973BFA-9F9B-3686-93B9-7ECEFC9571F1}.MinSizeRel|x64.Build.0 = MinSizeRel|x64
		{C1973BFA-9F9B-3686-93B9-7ECEFC9571F1}.RelWithDebInfo|x64.ActiveCfg = RelWithDebInfo|x64
		{C1973BFA-9F9B-3686-93B9-7ECEFC9571F1}.RelWithDebInfo|x64.Build.0 = RelWithDebInfo|x64
		{C12CB25C-690C-3E2B-944D-56A5C7BAA91E}.Debug|x64.ActiveCfg = Debug|x64
		{C12CB25C-690C-3E2B-944D-56A5C7BAA91E}.Debug|x64.Build.0 = Debug|x64
		{C12CB25C-690C-3E2B-944D-56A5C7BAA91E}.Release|x64.ActiveCfg = Release|x64
		{C12CB25C-690C-3E2B-944D-56A5C7BAA91E}.Release|x64.Build.0 = Release|x64
		{C12CB25C-690C-3E2B-944D-56A5C7BAA91E}.MinSizeRel|x64.ActiveCfg = MinSizeRel|x64
		{C12CB25C-690C-3E2B-944D-56A5C7BAA91E}.MinSizeRel|x64.Build.0 = MinSizeRel|x64
		{C12CB25C-690C-3E2B-944D-56A5C7BAA91E}.RelWithDebInfo|x64.ActiveCfg = RelWithDebInfo|x64
		{C12CB25C-690C-3E2B-944D-56A5C7BAA91E}.RelWithDebInfo|x64.Build.0 = RelWithDebInfo|x64
		{9F6A5679-DFD4-3D21-96AD-9AAE74788174}.Debug|x64.ActiveCfg = Debug|x64
		{9F6A5679-DFD4-3D21-96AD-9AAE74788174}.Debug|x64.Build.0 = Debug|x64
		{9F6A5679-DFD4-3D21-96AD-9AAE74788174}.Release|x64.ActiveCfg = Release|x64
		{9F6A5679-DFD4-3D21-96AD-9AAE74788174}.Release|x64.Build.0 = Release|x64
		{9F6A5679-DFD4-3D21-96AD-9AAE74788174}.MinSizeRel|x64.ActiveCfg = MinSizeRel|x64
		{9F6A5679-DFD4-3D21-96AD-9AAE74788174}.MinSizeRel|x64.Build.0 = MinSizeRel|x64
		{9F6A5679-DFD4-3D21-96AD-9AAE74788174}.RelWithDebInfo|x64.ActiveCfg = RelWithDebInfo|x64
		{9F6A5679-DFD4-3D21-96AD-9AAE74788174}.RelWithDebInfo|x64.Build.0 = RelWithDebInfo|x64
		{38E78064-79AD-378C-A41D-7BDD47F3DE70}.Debug|x64.ActiveCfg = Debug|x64
		{38E78064-79AD-378C-A41D-7BDD47F3DE70}.Release|x64.ActiveCfg = Release|x64
		{38E78064-79AD-378C-A41D-7BDD47F3DE70}.MinSizeRel|x64.ActiveCfg = MinSizeRel|x64
		{38E78064-79AD-378C-A41D-7BDD47F3DE70}.RelWithDebInfo|x64.ActiveCfg = RelWithDebInfo|x64
		{419FF519-4157-3B7B-AB1E-6CB7DC233EC8}.Debug|x64.ActiveCfg = Debug|x64
		{419FF519-4157-3B7B-AB1E-6CB7DC233EC8}.Debug|x64.Build.0 = Debug|x64
		{419FF519-4157-3B7B-AB1E-6CB7DC233EC8}.Release|x64.ActiveCfg = Release|x64
		{419FF519-4157-3B7B-AB1E-6CB7DC233EC8}.Release|x64.Build.0 = Release|x64
		{419FF519-4157-3B7B-AB1E-6CB7DC233EC8}.MinSizeRel|x64.ActiveCfg = MinSizeRel|x64
		{419FF519-4157-3B7B-AB1E-6CB7DC233EC8}.MinSizeRel|x64.Build.0 = MinSizeRel|x64
		{419FF519-4157-3B7B-AB1E-6CB7DC233EC8}.RelWithDebInfo|x64.ActiveCfg = RelWithDebInfo|x64
		{419FF519-4157-3B7B-AB1E-6CB7DC233EC8}.RelWithDebInfo|x64.Build.0 = RelWithDebInfo|x64
		{7F600FA2-1076-3FDA-9237-AB85AADC35B2}.Debug|x64.ActiveCfg = Debug|x64
		{7F600FA2-1076-3FDA-9237-AB85AADC35B2}.Debug|x64.Build.0 = Debug|x64
		{7F600FA2-1076-3FDA-9237-AB85AADC35B2}.Release|x64.ActiveCfg = Release|x64
		{7F600FA2-1076-3FDA-9237-AB85AADC35B2}.Release|x64.Build.0 = Release|x64
		{7F600FA2-1076-3FDA-9237-AB85AADC35B2}.MinSizeRel|x64.ActiveCfg = MinSizeRel|x64
		{7F600FA2-1076-3FDA-9237-AB85AADC35B2}.MinSizeRel|x64.Build.0 = MinSizeRel|x64
		{7F600FA2-1076-3FDA-9237-AB85AADC35B2}.RelWithDebInfo|x64.ActiveCfg = RelWithDebInfo|x64
		{7F600FA2-1076-3FDA-9237-AB85AADC35B2}.RelWithDebInfo|x64.Build.0 = RelWithDebInfo|x64
		{97AD7B51-DE70-3570-AFB7-570E7838A680}.Debug|x64.ActiveCfg = Debug|x64
		{97AD7B51-DE70-3570-AFB7-570E7838A680}.Debug|x64.Build.0 = Debug|x64
		{97AD7B51-DE70-3570-AFB7-570E7838A680}.Release|x64.ActiveCfg = Release|x64
		{97AD7B51-DE70-3570-AFB7-570E7838A680}.Release|x64.Build.0 = Release|x64
		{97AD7B51-DE70-3570-AFB7-570E7838A680}.MinSizeRel|x64.ActiveCfg = MinSizeRel|x64
		{97AD7B51-DE70-3570-AFB7-570E7838A680}.MinSizeRel|x64.Build.0 = MinSizeRel|x64
		{97AD7B51-DE70-3570-AFB7-570E7838A680}.RelWithDebInfo|x64.ActiveCfg = RelWithDebInfo|x64
		{97AD7B51-DE70-3570-AFB7-570E7838A680}.RelWithDebInfo|x64.Build.0 = RelWithDebInfo|x64
		{FFB932BE-357A-39E8-9A6C-D5B682901F37}.Debug|x64.ActiveCfg = Debug|x64
		{FFB932BE-357A-39E8-9A6C-D5B682901F37}.Debug|x64.Build.0 = Debug|x64
		{FFB932BE-357A-39E8-9A6C-D5B682901F37}.Release|x64.ActiveCfg = Release|x64
		{FFB932BE-357A-39E8-9A6C-D5B682901F37}.Release|x64.Build.0 = Release|x64
		{FFB932BE-357A-39E8-9A6C-D5B682901F37}.MinSizeRel|x64.ActiveCfg = MinSizeRel|x64
		{FFB932BE-357A-39E8-9A6C-D5B682901F37}.MinSizeRel|x64.Build.0 = MinSizeRel|x64
		{FFB932BE-357A-39E8-9A6C-D5B682901F37}.RelWithDebInfo|x64.ActiveCfg = RelWithDebInfo|x64
		{FFB932BE-357A-39E8-9A6C-D5B682901F37}.RelWithDebInfo|x64.Build.0 = RelWithDebInfo|x64
		{9490BDC5-494F-39CA-81E5-0A4D9F4ADCF6}.Debug|x64.ActiveCfg = Debug|x64
		{9490BDC5-494F-39CA-81E5-0A4D9F4ADCF6}.Debug|x64.Build.0 = Debug|x64
		{9490BDC5-494F-39CA-81E5-0A4D9F4ADCF6}.Release|x64.ActiveCfg = Release|x64
		{9490BDC5-494F-39CA-81E5-0A4D9F4ADCF6}.Release|x64.Build.0 = Release|x64
		{9490BDC5-494F-39CA-81E5-0A4D9F4ADCF6}.MinSizeRel|x64.ActiveCfg = MinSizeRel|x64
		{9490BDC5-494F-39CA-81E5-0A4D9F4ADCF6}.MinSizeRel|x64.Build.0 = MinSizeRel|x64
		{9490BDC5-494F-39CA-81E5-0A4D9F4ADCF6}.RelWithDebInfo|x64.ActiveCfg = RelWithDebInfo|x64
		{9490BDC5-494F-39CA-81E5-0A4D9F4ADCF6}.RelWithDebInfo|x64.Build.0 = RelWithDebInfo|x64
		{FFB96D43-30BC-3B09-9020-E45B4EE30DE4}.Debug|x64.ActiveCfg = Debug|x64
		{FFB96D43-30BC-3B09-9020-E45B4EE30DE4}.Debug|x64.Build.0 = Debug|x64
		{FFB96D43-30BC-3B09-9020-E45B4EE30DE4}.Release|x64.ActiveCfg = Release|x64
		{FFB96D43-30BC-3B09-9020-E45B4EE30DE4}.Release|x64.Build.0 = Release|x64
		{FFB96D43-30BC-3B09-9020-E45B4EE30DE4}.MinSizeRel|x64.ActiveCfg = MinSizeRel|x64
		{FFB96D43-30BC-3B09-9020-E45B4EE30DE4}.MinSizeRel|x64.Build.0 = MinSizeRel|x64
		{FFB96D43-30BC-3B09-9020-E45B4EE30DE4}.RelWithDebInfo|x64.ActiveCfg = RelWithDebInfo|x64
		{FFB96D43-30BC-3B09-9020-E45B4EE30DE4}.RelWithDebInfo|x64.Build.0 = RelWithDebInfo|x64
		{92146978-68CF-3399-9303-76D1B06A83BB}.Debug|x64.ActiveCfg = Debug|x64
		{92146978-68CF-3399-9303-76D1B06A83BB}.Debug|x64.Build.0 = Debug|x64
		{92146978-68CF-3399-9303-76D1B06A83BB}.Release|x64.ActiveCfg = Release|x64
		{92146978-68CF-3399-9303-76D1B06A83BB}.Release|x64.Build.0 = Release|x64
		{92146978-68CF-3399-9303-76D1B06A83BB}.MinSizeRel|x64.ActiveCfg = MinSizeRel|x64
		{92146978-68CF-3399-9303-76D1B06A83BB}.MinSizeRel|x64.Build.0 = MinSizeRel|x64
		{92146978-68CF-3399-9303-76D1B06A83BB}.RelWithDebInfo|x64.ActiveCfg = RelWithDebInfo|x64
		{92146978-68CF-3399-9303-76D1B06A83BB}.RelWithDebInfo|x64.Build.0 = RelWithDebInfo|x64
		{216F4B44-12BF-39D8-9288-5458EB57E2B7}.Debug|x64.ActiveCfg = Debug|x64
		{216F4B44-12BF-39D8-9288-5458EB57E2B7}.Debug|x64.Build.0 = Debug|x64
		{216F4B44-12BF-39D8-9288-5458EB57E2B7}.Release|x64.ActiveCfg = Release|x64
		{216F4B44-12BF-39D8-9288-5458EB57E2B7}.Release|x64.Build.0 = Release|x64
		{216F4B44-12BF-39D8-9288-5458EB57E2B7}.MinSizeRel|x64.ActiveCfg = MinSizeRel|x64
		{216F4B44-12BF-39D8-9288-5458EB57E2B7}.MinSizeRel|x64.Build.0 = MinSizeRel|x64
		{216F4B44-12BF-39D8-9288-5458EB57E2B7}.RelWithDebInfo|x64.ActiveCfg = RelWithDebInfo|x64
		{216F4B44-12BF-39D8-9288-5458EB57E2B7}.RelWithDebInfo|x64.Build.0 = RelWithDebInfo|x64
		{0D9ECC85-94C0-31A5-B55C-21B853A10B06}.Debug|x64.ActiveCfg = Debug|x64
		{0D9ECC85-94C0-31A5-B55C-21B853A10B06}.Debug|x64.Build.0 = Debug|x64
		{0D9ECC85-94C0-31A5-B55C-21B853A10B06}.Release|x64.ActiveCfg = Release|x64
		{0D9ECC85-94C0-31A5-B55C-21B853A10B06}.Release|x64.Build.0 = Release|x64
		{0D9ECC85-94C0-31A5-B55C-21B853A10B06}.MinSizeRel|x64.ActiveCfg = MinSizeRel|x64
		{0D9ECC85-94C0-31A5-B55C-21B853A10B06}.MinSizeRel|x64.Build.0 = MinSizeRel|x64
		{0D9ECC85-94C0-31A5-B55C-21B853A10B06}.RelWithDebInfo|x64.ActiveCfg = RelWithDebInfo|x64
		{0D9ECC85-94C0-31A5-B55C-21B853A10B06}.RelWithDebInfo|x64.Build.0 = RelWithDebInfo|x64
		{5206859A-3DA1-376F-9065-C03CFD6BB168}.Debug|x64.ActiveCfg = Debug|x64
		{5206859A-3DA1-376F-9065-C03CFD6BB168}.Debug|x64.Build.0 = Debug|x64
		{5206859A-3DA1-376F-9065-C03CFD6BB168}.Release|x64.ActiveCfg = Release|x64
		{5206859A-3DA1-376F-9065-C03CFD6BB168}.Release|x64.Build.0 = Release|x64
		{5206859A-3DA1-376F-9065-C03CFD6BB168}.MinSizeRel|x64.ActiveCfg = MinSizeRel|x64
		{5206859A-3DA1-376F-9065-C03CFD6BB168}.MinSizeRel|x64.Build.0 = MinSizeRel|x64
		{5206859A-3DA1-376F-9065-C03CFD6BB168}.RelWithDebInfo|x64.ActiveCfg = RelWithDebInfo|x64
		{5206859A-3DA1-376F-9065-C03CFD6BB168}.RelWithDebInfo|x64.Build.0 = RelWithDebInfo|x64
		{92F3C098-F72C-32EF-914C-327A371A39C7}.Debug|x64.ActiveCfg = Debug|x64
		{92F3C098-F72C-32EF-914C-327A371A39C7}.Debug|x64.Build.0 = Debug|x64
		{92F3C098-F72C-32EF-914C-327A371A39C7}.Release|x64.ActiveCfg = Release|x64
		{92F3C098-F72C-32EF-914C-327A371A39C7}.Release|x64.Build.0 = Release|x64
		{92F3C098-F72C-32EF-914C-327A371A39C7}.MinSizeRel|x64.ActiveCfg = MinSizeRel|x64
		{92F3C098-F72C-32EF-914C-327A371A39C7}.MinSizeRel|x64.Build.0 = MinSizeRel|x64
		{92F3C098-F72C-32EF-914C-327A371A39C7}.RelWithDebInfo|x64.ActiveCfg = RelWithDebInfo|x64
		{92F3C098-F72C-32EF-914C-327A371A39C7}.RelWithDebInfo|x64.Build.0 = RelWithDebInfo|x64
		{46AA4F5D-6129-3925-A922-DA11729FA87A}.Debug|x64.ActiveCfg = Debug|x64
		{46AA4F5D-6129-3925-A922-DA11729FA87A}.Debug|x64.Build.0 = Debug|x64
		{46AA4F5D-6129-3925-A922-DA11729FA87A}.Release|x64.ActiveCfg = Release|x64
		{46AA4F5D-6129-3925-A922-DA11729FA87A}.Release|x64.Build.0 = Release|x64
		{46AA4F5D-6129-3925-A922-DA11729FA87A}.MinSizeRel|x64.ActiveCfg = MinSizeRel|x64
		{46AA4F5D-6129-3925-A922-DA11729FA87A}.MinSizeRel|x64.Build.0 = MinSizeRel|x64
		{46AA4F5D-6129-3925-A922-DA11729FA87A}.RelWithDebInfo|x64.ActiveCfg = RelWithDebInfo|x64
		{46AA4F5D-6129-3925-A922-DA11729FA87A}.RelWithDebInfo|x64.Build.0 = RelWithDebInfo|x64
		{19CFB39F-325F-3713-A49F-17B9128674C2}.Debug|x64.ActiveCfg = Debug|x64
		{19CFB39F-325F-3713-A49F-17B9128674C2}.Debug|x64.Build.0 = Debug|x64
		{19CFB39F-325F-3713-A49F-17B9128674C2}.Release|x64.ActiveCfg = Release|x64
		{19CFB39F-325F-3713-A49F-17B9128674C2}.Release|x64.Build.0 = Release|x64
		{19CFB39F-325F-3713-A49F-17B9128674C2}.MinSizeRel|x64.ActiveCfg = MinSizeRel|x64
		{19CFB39F-325F-3713-A49F-17B9128674C2}.MinSizeRel|x64.Build.0 = MinSizeRel|x64
		{19CFB39F-325F-3713-A49F-17B9128674C2}.RelWithDebInfo|x64.ActiveCfg = RelWithDebInfo|x64
		{19CFB39F-325F-3713-A49F-17B9128674C2}.RelWithDebInfo|x64.Build.0 = RelWithDebInfo|x64
		{50ADC055-F690-3CC6-8208-13E8B075E81F}.Debug|x64.ActiveCfg = Debug|x64
		{50ADC055-F690-3CC6-8208-13E8B075E81F}.Debug|x64.Build.0 = Debug|x64
		{50ADC055-F690-3CC6-8208-13E8B075E81F}.Release|x64.ActiveCfg = Release|x64
		{50ADC055-F690-3CC6-8208-13E8B075E81F}.Release|x64.Build.0 = Release|x64
		{50ADC055-F690-3CC6-8208-13E8B075E81F}.MinSizeRel|x64.ActiveCfg = MinSizeRel|x64
		{50ADC055-F690-3CC6-8208-13E8B075E81F}.MinSizeRel|x64.Build.0 = MinSizeRel|x64
		{50ADC055-F690-3CC6-8208-13E8B075E81F}.RelWithDebInfo|x64.ActiveCfg = RelWithDebInfo|x64
		{50ADC055-F690-3CC6-8208-13E8B075E81F}.RelWithDebInfo|x64.Build.0 = RelWithDebInfo|x64
		{881B0874-D908-322B-9E4A-51A4A23F7575}.Debug|x64.ActiveCfg = Debug|x64
		{881B0874-D908-322B-9E4A-51A4A23F7575}.Debug|x64.Build.0 = Debug|x64
		{881B0874-D908-322B-9E4A-51A4A23F7575}.Release|x64.ActiveCfg = Release|x64
		{881B0874-D908-322B-9E4A-51A4A23F7575}.Release|x64.Build.0 = Release|x64
		{881B0874-D908-322B-9E4A-51A4A23F7575}.MinSizeRel|x64.ActiveCfg = MinSizeRel|x64
		{881B0874-D908-322B-9E4A-51A4A23F7575}.MinSizeRel|x64.Build.0 = MinSizeRel|x64
		{881B0874-D908-322B-9E4A-51A4A23F7575}.RelWithDebInfo|x64.ActiveCfg = RelWithDebInfo|x64
		{881B0874-D908-322B-9E4A-51A4A23F7575}.RelWithDebInfo|x64.Build.0 = RelWithDebInfo|x64
		{A2CD7966-D458-3EA0-A4EB-2F9DD652816E}.Debug|x64.ActiveCfg = Debug|x64
		{A2CD7966-D458-3EA0-A4EB-2F9DD652816E}.Debug|x64.Build.0 = Debug|x64
		{A2CD7966-D458-3EA0-A4EB-2F9DD652816E}.Release|x64.ActiveCfg = Release|x64
		{A2CD7966-D458-3EA0-A4EB-2F9DD652816E}.Release|x64.Build.0 = Release|x64
		{A2CD7966-D458-3EA0-A4EB-2F9DD652816E}.MinSizeRel|x64.ActiveCfg = MinSizeRel|x64
		{A2CD7966-D458-3EA0-A4EB-2F9DD652816E}.MinSizeRel|x64.Build.0 = MinSizeRel|x64
		{A2CD7966-D458-3EA0-A4EB-2F9DD652816E}.RelWithDebInfo|x64.ActiveCfg = RelWithDebInfo|x64
		{A2CD7966-D458-3EA0-A4EB-2F9DD652816E}.RelWithDebInfo|x64.Build.0 = RelWithDebInfo|x64
		{156B375F-7256-3AA1-933F-529F05A52E11}.Debug|x64.ActiveCfg = Debug|x64
		{156B375F-7256-3AA1-933F-529F05A52E11}.Debug|x64.Build.0 = Debug|x64
		{156B375F-7256-3AA1-933F-529F05A52E11}.Release|x64.ActiveCfg = Release|x64
		{156B375F-7256-3AA1-933F-529F05A52E11}.Release|x64.Build.0 = Release|x64
		{156B375F-7256-3AA1-933F-529F05A52E11}.MinSizeRel|x64.ActiveCfg = MinSizeRel|x64
		{156B375F-7256-3AA1-933F-529F05A52E11}.MinSizeRel|x64.Build.0 = MinSizeRel|x64
		{156B375F-7256-3AA1-933F-529F05A52E11}.RelWithDebInfo|x64.ActiveCfg = RelWithDebInfo|x64
		{156B375F-7256-3AA1-933F-529F05A52E11}.RelWithDebInfo|x64.Build.0 = RelWithDebInfo|x64
		{032D1452-9082-3A8C-A549-D35B916D0EA6}.Debug|x64.ActiveCfg = Debug|x64
		{032D1452-9082-3A8C-A549-D35B916D0EA6}.Debug|x64.Build.0 = Debug|x64
		{032D1452-9082-3A8C-A549-D35B916D0EA6}.Release|x64.ActiveCfg = Release|x64
		{032D1452-9082-3A8C-A549-D35B916D0EA6}.Release|x64.Build.0 = Release|x64
		{032D1452-9082-3A8C-A549-D35B916D0EA6}.MinSizeRel|x64.ActiveCfg = MinSizeRel|x64
		{032D1452-9082-3A8C-A549-D35B916D0EA6}.MinSizeRel|x64.Build.0 = MinSizeRel|x64
		{032D1452-9082-3A8C-A549-D35B916D0EA6}.RelWithDebInfo|x64.ActiveCfg = RelWithDebInfo|x64
		{032D1452-9082-3A8C-A549-D35B916D0EA6}.RelWithDebInfo|x64.Build.0 = RelWithDebInfo|x64
		{E6AB1DB1-1A22-3532-8022-D6F736F7EDD7}.Debug|x64.ActiveCfg = Debug|x64
		{E6AB1DB1-1A22-3532-8022-D6F736F7EDD7}.Debug|x64.Build.0 = Debug|x64
		{E6AB1DB1-1A22-3532-8022-D6F736F7EDD7}.Release|x64.ActiveCfg = Release|x64
		{E6AB1DB1-1A22-3532-8022-D6F736F7EDD7}.Release|x64.Build.0 = Release|x64
		{E6AB1DB1-1A22-3532-8022-D6F736F7EDD7}.MinSizeRel|x64.ActiveCfg = MinSizeRel|x64
		{E6AB1DB1-1A22-3532-8022-D6F736F7EDD7}.MinSizeRel|x64.Build.0 = MinSizeRel|x64
		{E6AB1DB1-1A22-3532-8022-D6F736F7EDD7}.RelWithDebInfo|x64.ActiveCfg = RelWithDebInfo|x64
		{E6AB1DB1-1A22-3532-8022-D6F736F7EDD7}.RelWithDebInfo|x64.Build.0 = RelWithDebInfo|x64
		{97D7E6F4-1305-3911-8045-7888DE847524}.Debug|x64.ActiveCfg = Debug|x64
		{97D7E6F4-1305-3911-8045-7888DE847524}.Debug|x64.Build.0 = Debug|x64
		{97D7E6F4-1305-3911-8045-7888DE847524}.Release|x64.ActiveCfg = Release|x64
		{97D7E6F4-1305-3911-8045-7888DE847524}.Release|x64.Build.0 = Release|x64
		{97D7E6F4-1305-3911-8045-7888DE847524}.MinSizeRel|x64.ActiveCfg = MinSizeRel|x64
		{97D7E6F4-1305-3911-8045-7888DE847524}.MinSizeRel|x64.Build.0 = MinSizeRel|x64
		{97D7E6F4-1305-3911-8045-7888DE847524}.RelWithDebInfo|x64.ActiveCfg = RelWithDebInfo|x64
		{97D7E6F4-1305-3911-8045-7888DE847524}.RelWithDebInfo|x64.Build.0 = RelWithDebInfo|x64
		{93C4C74D-9561-365E-ADA8-3435A5519AD5}.Debug|x64.ActiveCfg = Debug|x64
		{93C4C74D-9561-365E-ADA8-3435A5519AD5}.Debug|x64.Build.0 = Debug|x64
		{93C4C74D-9561-365E-ADA8-3435A5519AD5}.Release|x64.ActiveCfg = Release|x64
		{93C4C74D-9561-365E-ADA8-3435A5519AD5}.Release|x64.Build.0 = Release|x64
		{93C4C74D-9561-365E-ADA8-3435A5519AD5}.MinSizeRel|x64.ActiveCfg = MinSizeRel|x64
		{93C4C74D-9561-365E-ADA8-3435A5519AD5}.MinSizeRel|x64.Build.0 = MinSizeRel|x64
		{93C4C74D-9561-365E-ADA8-3435A5519AD5}.RelWithDebInfo|x64.ActiveCfg = RelWithDebInfo|x64
		{93C4C74D-9561-365E-ADA8-3435A5519AD5}.RelWithDebInfo|x64.Build.0 = RelWithDebInfo|x64
		{A77C4D48-2915-348C-A369-6F3A78DC02EC}.Debug|x64.ActiveCfg = Debug|x64
		{A77C4D48-2915-348C-A369-6F3A78DC02EC}.Debug|x64.Build.0 = Debug|x64
		{A77C4D48-2915-348C-A369-6F3A78DC02EC}.Release|x64.ActiveCfg = Release|x64
		{A77C4D48-2915-348C-A369-6F3A78DC02EC}.Release|x64.Build.0 = Release|x64
		{A77C4D48-2915-348C-A369-6F3A78DC02EC}.MinSizeRel|x64.ActiveCfg = MinSizeRel|x64
		{A77C4D48-2915-348C-A369-6F3A78DC02EC}.MinSizeRel|x64.Build.0 = MinSizeRel|x64
		{A77C4D48-2915-348C-A369-6F3A78DC02EC}.RelWithDebInfo|x64.ActiveCfg = RelWithDebInfo|x64
		{A77C4D48-2915-348C-A369-6F3A78DC02EC}.RelWithDebInfo|x64.Build.0 = RelWithDebInfo|x64
		{B175433A-0E11-33EA-96DB-6A456D757299}.Debug|x64.ActiveCfg = Debug|x64
		{B175433A-0E11-33EA-96DB-6A456D757299}.Debug|x64.Build.0 = Debug|x64
		{B175433A-0E11-33EA-96DB-6A456D757299}.Release|x64.ActiveCfg = Release|x64
		{B175433A-0E11-33EA-96DB-6A456D757299}.Release|x64.Build.0 = Release|x64
		{B175433A-0E11-33EA-96DB-6A456D757299}.MinSizeRel|x64.ActiveCfg = MinSizeRel|x64
		{B175433A-0E11-33EA-96DB-6A456D757299}.MinSizeRel|x64.Build.0 = MinSizeRel|x64
		{B175433A-0E11-33EA-96DB-6A456D757299}.RelWithDebInfo|x64.ActiveCfg = RelWithDebInfo|x64
		{B175433A-0E11-33EA-96DB-6A456D757299}.RelWithDebInfo|x64.Build.0 = RelWithDebInfo|x64
		{07AEB1E5-8716-3186-A03B-70785F1797EF}.Debug|x64.ActiveCfg = Debug|x64
		{07AEB1E5-8716-3186-A03B-70785F1797EF}.Debug|x64.Build.0 = Debug|x64
		{07AEB1E5-8716-3186-A03B-70785F1797EF}.Release|x64.ActiveCfg = Release|x64
		{07AEB1E5-8716-3186-A03B-70785F1797EF}.Release|x64.Build.0 = Release|x64
		{07AEB1E5-8716-3186-A03B-70785F1797EF}.MinSizeRel|x64.ActiveCfg = MinSizeRel|x64
		{07AEB1E5-8716-3186-A03B-70785F1797EF}.MinSizeRel|x64.Build.0 = MinSizeRel|x64
		{07AEB1E5-8716-3186-A03B-70785F1797EF}.RelWithDebInfo|x64.ActiveCfg = RelWithDebInfo|x64
		{07AEB1E5-8716-3186-A03B-70785F1797EF}.RelWithDebInfo|x64.Build.0 = RelWithDebInfo|x64
		{56522CCB-9260-3885-9EA0-7FB46223D68A}.Debug|x64.ActiveCfg = Debug|x64
		{56522CCB-9260-3885-9EA0-7FB46223D68A}.Debug|x64.Build.0 = Debug|x64
		{56522CCB-9260-3885-9EA0-7FB46223D68A}.Release|x64.ActiveCfg = Release|x64
		{56522CCB-9260-3885-9EA0-7FB46223D68A}.Release|x64.Build.0 = Release|x64
		{56522CCB-9260-3885-9EA0-7FB46223D68A}.MinSizeRel|x64.ActiveCfg = MinSizeRel|x64
		{56522CCB-9260-3885-9EA0-7FB46223D68A}.MinSizeRel|x64.Build.0 = MinSizeRel|x64
		{56522CCB-9260-3885-9EA0-7FB46223D68A}.RelWithDebInfo|x64.ActiveCfg = RelWithDebInfo|x64
		{56522CCB-9260-3885-9EA0-7FB46223D68A}.RelWithDebInfo|x64.Build.0 = RelWithDebInfo|x64
		{4F82F6F8-484C-3D4B-AC71-5FEC4BC55FE4}.Debug|x64.ActiveCfg = Debug|x64
		{4F82F6F8-484C-3D4B-AC71-5FEC4BC55FE4}.Debug|x64.Build.0 = Debug|x64
		{4F82F6F8-484C-3D4B-AC71-5FEC4BC55FE4}.Release|x64.ActiveCfg = Release|x64
		{4F82F6F8-484C-3D4B-AC71-5FEC4BC55FE4}.Release|x64.Build.0 = Release|x64
		{4F82F6F8-484C-3D4B-AC71-5FEC4BC55FE4}.MinSizeRel|x64.ActiveCfg = MinSizeRel|x64
		{4F82F6F8-484C-3D4B-AC71-5FEC4BC55FE4}.MinSizeRel|x64.Build.0 = MinSizeRel|x64
		{4F82F6F8-484C-3D4B-AC71-5FEC4BC55FE4}.RelWithDebInfo|x64.ActiveCfg = RelWithDebInfo|x64
		{4F82F6F8-484C-3D4B-AC71-5FEC4BC55FE4}.RelWithDebInfo|x64.Build.0 = RelWithDebInfo|x64
		{C9901FDC-08F3-31F9-9269-DD315C2C7C83}.Debug|x64.ActiveCfg = Debug|x64
		{C9901FDC-08F3-31F9-9269-DD315C2C7C83}.Debug|x64.Build.0 = Debug|x64
		{C9901FDC-08F3-31F9-9269-DD315C2C7C83}.Release|x64.ActiveCfg = Release|x64
		{C9901FDC-08F3-31F9-9269-DD315C2C7C83}.Release|x64.Build.0 = Release|x64
		{C9901FDC-08F3-31F9-9269-DD315C2C7C83}.MinSizeRel|x64.ActiveCfg = MinSizeRel|x64
		{C9901FDC-08F3-31F9-9269-DD315C2C7C83}.MinSizeRel|x64.Build.0 = MinSizeRel|x64
		{C9901FDC-08F3-31F9-9269-DD315C2C7C83}.RelWithDebInfo|x64.ActiveCfg = RelWithDebInfo|x64
		{C9901FDC-08F3-31F9-9269-DD315C2C7C83}.RelWithDebInfo|x64.Build.0 = RelWithDebInfo|x64
		{D704063B-1843-3268-9363-78DDA01129AE}.Debug|x64.ActiveCfg = Debug|x64
		{D704063B-1843-3268-9363-78DDA01129AE}.Debug|x64.Build.0 = Debug|x64
		{D704063B-1843-3268-9363-78DDA01129AE}.Release|x64.ActiveCfg = Release|x64
		{D704063B-1843-3268-9363-78DDA01129AE}.Release|x64.Build.0 = Release|x64
		{D704063B-1843-3268-9363-78DDA01129AE}.MinSizeRel|x64.ActiveCfg = MinSizeRel|x64
		{D704063B-1843-3268-9363-78DDA01129AE}.MinSizeRel|x64.Build.0 = MinSizeRel|x64
		{D704063B-1843-3268-9363-78DDA01129AE}.RelWithDebInfo|x64.ActiveCfg = RelWithDebInfo|x64
		{D704063B-1843-3268-9363-78DDA01129AE}.RelWithDebInfo|x64.Build.0 = RelWithDebInfo|x64
		{E8120A31-BB3F-3EB1-998F-0C85D8FD22C2}.Debug|x64.ActiveCfg = Debug|x64
		{E8120A31-BB3F-3EB1-998F-0C85D8FD22C2}.Debug|x64.Build.0 = Debug|x64
		{E8120A31-BB3F-3EB1-998F-0C85D8FD22C2}.Release|x64.ActiveCfg = Release|x64
		{E8120A31-BB3F-3EB1-998F-0C85D8FD22C2}.Release|x64.Build.0 = Release|x64
		{E8120A31-BB3F-3EB1-998F-0C85D8FD22C2}.MinSizeRel|x64.ActiveCfg = MinSizeRel|x64
		{E8120A31-BB3F-3EB1-998F-0C85D8FD22C2}.MinSizeRel|x64.Build.0 = MinSizeRel|x64
		{E8120A31-BB3F-3EB1-998F-0C85D8FD22C2}.RelWithDebInfo|x64.ActiveCfg = RelWithDebInfo|x64
		{E8120A31-BB3F-3EB1-998F-0C85D8FD22C2}.RelWithDebInfo|x64.Build.0 = RelWithDebInfo|x64
		{A812BE00-C28A-34C2-8EE4-2006B7C68A08}.Debug|x64.ActiveCfg = Debug|x64
		{A812BE00-C28A-34C2-8EE4-2006B7C68A08}.Debug|x64.Build.0 = Debug|x64
		{A812BE00-C28A-34C2-8EE4-2006B7C68A08}.Release|x64.ActiveCfg = Release|x64
		{A812BE00-C28A-34C2-8EE4-2006B7C68A08}.Release|x64.Build.0 = Release|x64
		{A812BE00-C28A-34C2-8EE4-2006B7C68A08}.MinSizeRel|x64.ActiveCfg = MinSizeRel|x64
		{A812BE00-C28A-34C2-8EE4-2006B7C68A08}.MinSizeRel|x64.Build.0 = MinSizeRel|x64
		{A812BE00-C28A-34C2-8EE4-2006B7C68A08}.RelWithDebInfo|x64.ActiveCfg = RelWithDebInfo|x64
		{A812BE00-C28A-34C2-8EE4-2006B7C68A08}.RelWithDebInfo|x64.Build.0 = RelWithDebInfo|x64
		{48BDAB43-4C83-39F8-9BE4-B2386E63C522}.Debug|x64.ActiveCfg = Debug|x64
		{48BDAB43-4C83-39F8-9BE4-B2386E63C522}.Debug|x64.Build.0 = Debug|x64
		{48BDAB43-4C83-39F8-9BE4-B2386E63C522}.Release|x64.ActiveCfg = Release|x64
		{48BDAB43-4C83-39F8-9BE4-B2386E63C522}.Release|x64.Build.0 = Release|x64
		{48BDAB43-4C83-39F8-9BE4-B2386E63C522}.MinSizeRel|x64.ActiveCfg = MinSizeRel|x64
		{48BDAB43-4C83-39F8-9BE4-B2386E63C522}.MinSizeRel|x64.Build.0 = MinSizeRel|x64
		{48BDAB43-4C83-39F8-9BE4-B2386E63C522}.RelWithDebInfo|x64.ActiveCfg = RelWithDebInfo|x64
		{48BDAB43-4C83-39F8-9BE4-B2386E63C522}.RelWithDebInfo|x64.Build.0 = RelWithDebInfo|x64
		{852CDADF-CB41-3587-870A-35E4918B6BCA}.Debug|x64.ActiveCfg = Debug|x64
		{852CDADF-CB41-3587-870A-35E4918B6BCA}.Debug|x64.Build.0 = Debug|x64
		{852CDADF-CB41-3587-870A-35E4918B6BCA}.Release|x64.ActiveCfg = Release|x64
		{852CDADF-CB41-3587-870A-35E4918B6BCA}.Release|x64.Build.0 = Release|x64
		{852CDADF-CB41-3587-870A-35E4918B6BCA}.MinSizeRel|x64.ActiveCfg = MinSizeRel|x64
		{852CDADF-CB41-3587-870A-35E4918B6BCA}.MinSizeRel|x64.Build.0 = MinSizeRel|x64
		{852CDADF-CB41-3587-870A-35E4918B6BCA}.RelWithDebInfo|x64.ActiveCfg = RelWithDebInfo|x64
		{852CDADF-CB41-3587-870A-35E4918B6BCA}.RelWithDebInfo|x64.Build.0 = RelWithDebInfo|x64
		{78C72358-7376-3654-8237-F34C8588F7BB}.Debug|x64.ActiveCfg = Debug|x64
		{78C72358-7376-3654-8237-F34C8588F7BB}.Debug|x64.Build.0 = Debug|x64
		{78C72358-7376-3654-8237-F34C8588F7BB}.Release|x64.ActiveCfg = Release|x64
		{78C72358-7376-3654-8237-F34C8588F7BB}.Release|x64.Build.0 = Release|x64
		{78C72358-7376-3654-8237-F34C8588F7BB}.MinSizeRel|x64.ActiveCfg = MinSizeRel|x64
		{78C72358-7376-3654-8237-F34C8588F7BB}.MinSizeRel|x64.Build.0 = MinSizeRel|x64
		{78C72358-7376-3654-8237-F34C8588F7BB}.RelWithDebInfo|x64.ActiveCfg = RelWithDebInfo|x64
		{78C72358-7376-3654-8237-F34C8588F7BB}.RelWithDebInfo|x64.Build.0 = RelWithDebInfo|x64
		{CBB3660B-6138-365D-A241-4D29AC248659}.Debug|x64.ActiveCfg = Debug|x64
		{CBB3660B-6138-365D-A241-4D29AC248659}.Debug|x64.Build.0 = Debug|x64
		{CBB3660B-6138-365D-A241-4D29AC248659}.Release|x64.ActiveCfg = Release|x64
		{CBB3660B-6138-365D-A241-4D29AC248659}.Release|x64.Build.0 = Release|x64
		{CBB3660B-6138-365D-A241-4D29AC248659}.MinSizeRel|x64.ActiveCfg = MinSizeRel|x64
		{CBB3660B-6138-365D-A241-4D29AC248659}.MinSizeRel|x64.Build.0 = MinSizeRel|x64
		{CBB3660B-6138-365D-A241-4D29AC248659}.RelWithDebInfo|x64.ActiveCfg = RelWithDebInfo|x64
		{CBB3660B-6138-365D-A241-4D29AC248659}.RelWithDebInfo|x64.Build.0 = RelWithDebInfo|x64
		{ADAC6304-D5FA-3D55-A7D0-391FAA3C3CAB}.Debug|x64.ActiveCfg = Debug|x64
		{ADAC6304-D5FA-3D55-A7D0-391FAA3C3CAB}.Debug|x64.Build.0 = Debug|x64
		{ADAC6304-D5FA-3D55-A7D0-391FAA3C3CAB}.Release|x64.ActiveCfg = Release|x64
		{ADAC6304-D5FA-3D55-A7D0-391FAA3C3CAB}.Release|x64.Build.0 = Release|x64
		{ADAC6304-D5FA-3D55-A7D0-391FAA3C3CAB}.MinSizeRel|x64.ActiveCfg = MinSizeRel|x64
		{ADAC6304-D5FA-3D55-A7D0-391FAA3C3CAB}.MinSizeRel|x64.Build.0 = MinSizeRel|x64
		{ADAC6304-D5FA-3D55-A7D0-391FAA3C3CAB}.RelWithDebInfo|x64.ActiveCfg = RelWithDebInfo|x64
		{ADAC6304-D5FA-3D55-A7D0-391FAA3C3CAB}.RelWithDebInfo|x64.Build.0 = RelWithDebInfo|x64
		{6428454C-1893-3CC9-802A-815A7B7967B5}.Debug|x64.ActiveCfg = Debug|x64
		{6428454C-1893-3CC9-802A-815A7B7967B5}.Debug|x64.Build.0 = Debug|x64
		{6428454C-1893-3CC9-802A-815A7B7967B5}.Release|x64.ActiveCfg = Release|x64
		{6428454C-1893-3CC9-802A-815A7B7967B5}.Release|x64.Build.0 = Release|x64
		{6428454C-1893-3CC9-802A-815A7B7967B5}.MinSizeRel|x64.ActiveCfg = MinSizeRel|x64
		{6428454C-1893-3CC9-802A-815A7B7967B5}.MinSizeRel|x64.Build.0 = MinSizeRel|x64
		{6428454C-1893-3CC9-802A-815A7B7967B5}.RelWithDebInfo|x64.ActiveCfg = RelWithDebInfo|x64
		{6428454C-1893-3CC9-802A-815A7B7967B5}.RelWithDebInfo|x64.Build.0 = RelWithDebInfo|x64
		{388B4948-26EA-341C-BB41-AC4E8AE596EF}.Debug|x64.ActiveCfg = Debug|x64
		{388B4948-26EA-341C-BB41-AC4E8AE596EF}.Debug|x64.Build.0 = Debug|x64
		{388B4948-26EA-341C-BB41-AC4E8AE596EF}.Release|x64.ActiveCfg = Release|x64
		{388B4948-26EA-341C-BB41-AC4E8AE596EF}.Release|x64.Build.0 = Release|x64
		{388B4948-26EA-341C-BB41-AC4E8AE596EF}.MinSizeRel|x64.ActiveCfg = MinSizeRel|x64
		{388B4948-26EA-341C-BB41-AC4E8AE596EF}.MinSizeRel|x64.Build.0 = MinSizeRel|x64
		{388B4948-26EA-341C-BB41-AC4E8AE596EF}.RelWithDebInfo|x64.ActiveCfg = RelWithDebInfo|x64
		{388B4948-26EA-341C-BB41-AC4E8AE596EF}.RelWithDebInfo|x64.Build.0 = RelWithDebInfo|x64
		{40BF5E61-FCDC-3424-88F6-7DA8D6A6E4E7}.Debug|x64.ActiveCfg = Debug|x64
		{40BF5E61-FCDC-3424-88F6-7DA8D6A6E4E7}.Debug|x64.Build.0 = Debug|x64
		{40BF5E61-FCDC-3424-88F6-7DA8D6A6E4E7}.Release|x64.ActiveCfg = Release|x64
		{40BF5E61-FCDC-3424-88F6-7DA8D6A6E4E7}.Release|x64.Build.0 = Release|x64
		{40BF5E61-FCDC-3424-88F6-7DA8D6A6E4E7}.MinSizeRel|x64.ActiveCfg = MinSizeRel|x64
		{40BF5E61-FCDC-3424-88F6-7DA8D6A6E4E7}.MinSizeRel|x64.Build.0 = MinSizeRel|x64
		{40BF5E61-FCDC-3424-88F6-7DA8D6A6E4E7}.RelWithDebInfo|x64.ActiveCfg = RelWithDebInfo|x64
		{40BF5E61-FCDC-3424-88F6-7DA8D6A6E4E7}.RelWithDebInfo|x64.Build.0 = RelWithDebInfo|x64
		{558AF7C2-6D56-3DD7-BF07-6FC4717B120B}.Debug|x64.ActiveCfg = Debug|x64
		{558AF7C2-6D56-3DD7-BF07-6FC4717B120B}.Debug|x64.Build.0 = Debug|x64
		{558AF7C2-6D56-3DD7-BF07-6FC4717B120B}.Release|x64.ActiveCfg = Release|x64
		{558AF7C2-6D56-3DD7-BF07-6FC4717B120B}.Release|x64.Build.0 = Release|x64
		{558AF7C2-6D56-3DD7-BF07-6FC4717B120B}.MinSizeRel|x64.ActiveCfg = MinSizeRel|x64
		{558AF7C2-6D56-3DD7-BF07-6FC4717B120B}.MinSizeRel|x64.Build.0 = MinSizeRel|x64
		{558AF7C2-6D56-3DD7-BF07-6FC4717B120B}.RelWithDebInfo|x64.ActiveCfg = RelWithDebInfo|x64
		{558AF7C2-6D56-3DD7-BF07-6FC4717B120B}.RelWithDebInfo|x64.Build.0 = RelWithDebInfo|x64
		{EEE8BBFF-D91A-3491-8F5D-EF6B51356BA0}.Debug|x64.ActiveCfg = Debug|x64
		{EEE8BBFF-D91A-3491-8F5D-EF6B51356BA0}.Debug|x64.Build.0 = Debug|x64
		{EEE8BBFF-D91A-3491-8F5D-EF6B51356BA0}.Release|x64.ActiveCfg = Release|x64
		{EEE8BBFF-D91A-3491-8F5D-EF6B51356BA0}.Release|x64.Build.0 = Release|x64
		{EEE8BBFF-D91A-3491-8F5D-EF6B51356BA0}.MinSizeRel|x64.ActiveCfg = MinSizeRel|x64
		{EEE8BBFF-D91A-3491-8F5D-EF6B51356BA0}.MinSizeRel|x64.Build.0 = MinSizeRel|x64
		{EEE8BBFF-D91A-3491-8F5D-EF6B51356BA0}.RelWithDebInfo|x64.ActiveCfg = RelWithDebInfo|x64
		{EEE8BBFF-D91A-3491-8F5D-EF6B51356BA0}.RelWithDebInfo|x64.Build.0 = RelWithDebInfo|x64
		{4222EA6C-A799-398A-BE23-DDB6CA2BA167}.Debug|x64.ActiveCfg = Debug|x64
		{4222EA6C-A799-398A-BE23-DDB6CA2BA167}.Debug|x64.Build.0 = Debug|x64
		{4222EA6C-A799-398A-BE23-DDB6CA2BA167}.Release|x64.ActiveCfg = Release|x64
		{4222EA6C-A799-398A-BE23-DDB6CA2BA167}.Release|x64.Build.0 = Release|x64
		{4222EA6C-A799-398A-BE23-DDB6CA2BA167}.MinSizeRel|x64.ActiveCfg = MinSizeRel|x64
		{4222EA6C-A799-398A-BE23-DDB6CA2BA167}.MinSizeRel|x64.Build.0 = MinSizeRel|x64
		{4222EA6C-A799-398A-BE23-DDB6CA2BA167}.RelWithDebInfo|x64.ActiveCfg = RelWithDebInfo|x64
		{4222EA6C-A799-398A-BE23-DDB6CA2BA167}.RelWithDebInfo|x64.Build.0 = RelWithDebInfo|x64
		{18B851E9-DC33-3566-BF38-34FC55B4422C}.Debug|x64.ActiveCfg = Debug|x64
		{18B851E9-DC33-3566-BF38-34FC55B4422C}.Debug|x64.Build.0 = Debug|x64
		{18B851E9-DC33-3566-BF38-34FC55B4422C}.Release|x64.ActiveCfg = Release|x64
		{18B851E9-DC33-3566-BF38-34FC55B4422C}.Release|x64.Build.0 = Release|x64
		{18B851E9-DC33-3566-BF38-34FC55B4422C}.MinSizeRel|x64.ActiveCfg = MinSizeRel|x64
		{18B851E9-DC33-3566-BF38-34FC55B4422C}.MinSizeRel|x64.Build.0 = MinSizeRel|x64
		{18B851E9-DC33-3566-BF38-34FC55B4422C}.RelWithDebInfo|x64.ActiveCfg = RelWithDebInfo|x64
		{18B851E9-DC33-3566-BF38-34FC55B4422C}.RelWithDebInfo|x64.Build.0 = RelWithDebInfo|x64
		{4553AC1E-66A0-32EB-9B06-40DCB4331FF3}.Debug|x64.ActiveCfg = Debug|x64
		{4553AC1E-66A0-32EB-9B06-40DCB4331FF3}.Debug|x64.Build.0 = Debug|x64
		{4553AC1E-66A0-32EB-9B06-40DCB4331FF3}.Release|x64.ActiveCfg = Release|x64
		{4553AC1E-66A0-32EB-9B06-40DCB4331FF3}.Release|x64.Build.0 = Release|x64
		{4553AC1E-66A0-32EB-9B06-40DCB4331FF3}.MinSizeRel|x64.ActiveCfg = MinSizeRel|x64
		{4553AC1E-66A0-32EB-9B06-40DCB4331FF3}.MinSizeRel|x64.Build.0 = MinSizeRel|x64
		{4553AC1E-66A0-32EB-9B06-40DCB4331FF3}.RelWithDebInfo|x64.ActiveCfg = RelWithDebInfo|x64
		{4553AC1E-66A0-32EB-9B06-40DCB4331FF3}.RelWithDebInfo|x64.Build.0 = RelWithDebInfo|x64
		{64D3D547-BEF4-3D01-A20A-C9332E8D8419}.Debug|x64.ActiveCfg = Debug|x64
		{64D3D547-BEF4-3D01-A20A-C9332E8D8419}.Debug|x64.Build.0 = Debug|x64
		{64D3D547-BEF4-3D01-A20A-C9332E8D8419}.Release|x64.ActiveCfg = Release|x64
		{64D3D547-BEF4-3D01-A20A-C9332E8D8419}.Release|x64.Build.0 = Release|x64
		{64D3D547-BEF4-3D01-A20A-C9332E8D8419}.MinSizeRel|x64.ActiveCfg = MinSizeRel|x64
		{64D3D547-BEF4-3D01-A20A-C9332E8D8419}.MinSizeRel|x64.Build.0 = MinSizeRel|x64
		{64D3D547-BEF4-3D01-A20A-C9332E8D8419}.RelWithDebInfo|x64.ActiveCfg = RelWithDebInfo|x64
		{64D3D547-BEF4-3D01-A20A-C9332E8D8419}.RelWithDebInfo|x64.Build.0 = RelWithDebInfo|x64
		{512419C9-7CB5-3100-AC0C-DED6E102E390}.Debug|x64.ActiveCfg = Debug|x64
		{512419C9-7CB5-3100-AC0C-DED6E102E390}.Debug|x64.Build.0 = Debug|x64
		{512419C9-7CB5-3100-AC0C-DED6E102E390}.Release|x64.ActiveCfg = Release|x64
		{512419C9-7CB5-3100-AC0C-DED6E102E390}.Release|x64.Build.0 = Release|x64
		{512419C9-7CB5-3100-AC0C-DED6E102E390}.MinSizeRel|x64.ActiveCfg = MinSizeRel|x64
		{512419C9-7CB5-3100-AC0C-DED6E102E390}.MinSizeRel|x64.Build.0 = MinSizeRel|x64
		{512419C9-7CB5-3100-AC0C-DED6E102E390}.RelWithDebInfo|x64.ActiveCfg = RelWithDebInfo|x64
		{512419C9-7CB5-3100-AC0C-DED6E102E390}.RelWithDebInfo|x64.Build.0 = RelWithDebInfo|x64
		{5E8A2743-8C48-3840-92A4-E60F5A06F1A0}.Debug|x64.ActiveCfg = Debug|x64
		{5E8A2743-8C48-3840-92A4-E60F5A06F1A0}.Debug|x64.Build.0 = Debug|x64
		{5E8A2743-8C48-3840-92A4-E60F5A06F1A0}.Release|x64.ActiveCfg = Release|x64
		{5E8A2743-8C48-3840-92A4-E60F5A06F1A0}.Release|x64.Build.0 = Release|x64
		{5E8A2743-8C48-3840-92A4-E60F5A06F1A0}.MinSizeRel|x64.ActiveCfg = MinSizeRel|x64
		{5E8A2743-8C48-3840-92A4-E60F5A06F1A0}.MinSizeRel|x64.Build.0 = MinSizeRel|x64
		{5E8A2743-8C48-3840-92A4-E60F5A06F1A0}.RelWithDebInfo|x64.ActiveCfg = RelWithDebInfo|x64
		{5E8A2743-8C48-3840-92A4-E60F5A06F1A0}.RelWithDebInfo|x64.Build.0 = RelWithDebInfo|x64
		{27641EFE-5ED2-3052-A31E-0A2C6FA13D4E}.Debug|x64.ActiveCfg = Debug|x64
		{27641EFE-5ED2-3052-A31E-0A2C6FA13D4E}.Debug|x64.Build.0 = Debug|x64
		{27641EFE-5ED2-3052-A31E-0A2C6FA13D4E}.Release|x64.ActiveCfg = Release|x64
		{27641EFE-5ED2-3052-A31E-0A2C6FA13D4E}.Release|x64.Build.0 = Release|x64
		{27641EFE-5ED2-3052-A31E-0A2C6FA13D4E}.MinSizeRel|x64.ActiveCfg = MinSizeRel|x64
		{27641EFE-5ED2-3052-A31E-0A2C6FA13D4E}.MinSizeRel|x64.Build.0 = MinSizeRel|x64
		{27641EFE-5ED2-3052-A31E-0A2C6FA13D4E}.RelWithDebInfo|x64.ActiveCfg = RelWithDebInfo|x64
		{27641EFE-5ED2-3052-A31E-0A2C6FA13D4E}.RelWithDebInfo|x64.Build.0 = RelWithDebInfo|x64
		{E1FD7395-176B-3547-A901-D3CABF461710}.Debug|x64.ActiveCfg = Debug|x64
		{E1FD7395-176B-3547-A901-D3CABF461710}.Debug|x64.Build.0 = Debug|x64
		{E1FD7395-176B-3547-A901-D3CABF461710}.Release|x64.ActiveCfg = Release|x64
		{E1FD7395-176B-3547-A901-D3CABF461710}.Release|x64.Build.0 = Release|x64
		{E1FD7395-176B-3547-A901-D3CABF461710}.MinSizeRel|x64.ActiveCfg = MinSizeRel|x64
		{E1FD7395-176B-3547-A901-D3CABF461710}.MinSizeRel|x64.Build.0 = MinSizeRel|x64
		{E1FD7395-176B-3547-A901-D3CABF461710}.RelWithDebInfo|x64.ActiveCfg = RelWithDebInfo|x64
		{E1FD7395-176B-3547-A901-D3CABF461710}.RelWithDebInfo|x64.Build.0 = RelWithDebInfo|x64
		{41E2A52D-BD22-3E45-87C2-BC9EFFFDF447}.Debug|x64.ActiveCfg = Debug|x64
		{41E2A52D-BD22-3E45-87C2-BC9EFFFDF447}.Debug|x64.Build.0 = Debug|x64
		{41E2A52D-BD22-3E45-87C2-BC9EFFFDF447}.Release|x64.ActiveCfg = Release|x64
		{41E2A52D-BD22-3E45-87C2-BC9EFFFDF447}.Release|x64.Build.0 = Release|x64
		{41E2A52D-BD22-3E45-87C2-BC9EFFFDF447}.MinSizeRel|x64.ActiveCfg = MinSizeRel|x64
		{41E2A52D-BD22-3E45-87C2-BC9EFFFDF447}.MinSizeRel|x64.Build.0 = MinSizeRel|x64
		{41E2A52D-BD22-3E45-87C2-BC9EFFFDF447}.RelWithDebInfo|x64.ActiveCfg = RelWithDebInfo|x64
		{41E2A52D-BD22-3E45-87C2-BC9EFFFDF447}.RelWithDebInfo|x64.Build.0 = RelWithDebInfo|x64
		{46C53109-33F2-39E6-A6B5-5E4AA3338421}.Debug|x64.ActiveCfg = Debug|x64
		{46C53109-33F2-39E6-A6B5-5E4AA3338421}.Debug|x64.Build.0 = Debug|x64
		{46C53109-33F2-39E6-A6B5-5E4AA3338421}.Release|x64.ActiveCfg = Release|x64
		{46C53109-33F2-39E6-A6B5-5E4AA3338421}.Release|x64.Build.0 = Release|x64
		{46C53109-33F2-39E6-A6B5-5E4AA3338421}.MinSizeRel|x64.ActiveCfg = MinSizeRel|x64
		{46C53109-33F2-39E6-A6B5-5E4AA3338421}.MinSizeRel|x64.Build.0 = MinSizeRel|x64
		{46C53109-33F2-39E6-A6B5-5E4AA3338421}.RelWithDebInfo|x64.ActiveCfg = RelWithDebInfo|x64
		{46C53109-33F2-39E6-A6B5-5E4AA3338421}.RelWithDebInfo|x64.Build.0 = RelWithDebInfo|x64
		{03B9FEE1-0887-34FF-8436-7D0BE107E6F4}.Debug|x64.ActiveCfg = Debug|x64
		{03B9FEE1-0887-34FF-8436-7D0BE107E6F4}.Debug|x64.Build.0 = Debug|x64
		{03B9FEE1-0887-34FF-8436-7D0BE107E6F4}.Release|x64.ActiveCfg = Release|x64
		{03B9FEE1-0887-34FF-8436-7D0BE107E6F4}.Release|x64.Build.0 = Release|x64
		{03B9FEE1-0887-34FF-8436-7D0BE107E6F4}.MinSizeRel|x64.ActiveCfg = MinSizeRel|x64
		{03B9FEE1-0887-34FF-8436-7D0BE107E6F4}.MinSizeRel|x64.Build.0 = MinSizeRel|x64
		{03B9FEE1-0887-34FF-8436-7D0BE107E6F4}.RelWithDebInfo|x64.ActiveCfg = RelWithDebInfo|x64
		{03B9FEE1-0887-34FF-8436-7D0BE107E6F4}.RelWithDebInfo|x64.Build.0 = RelWithDebInfo|x64
		{1AFDD1CC-E183-324A-88D2-82F50CCC25C7}.Debug|x64.ActiveCfg = Debug|x64
		{1AFDD1CC-E183-324A-88D2-82F50CCC25C7}.Release|x64.ActiveCfg = Release|x64
		{1AFDD1CC-E183-324A-88D2-82F50CCC25C7}.MinSizeRel|x64.ActiveCfg = MinSizeRel|x64
		{1AFDD1CC-E183-324A-88D2-82F50CCC25C7}.RelWithDebInfo|x64.ActiveCfg = RelWithDebInfo|x64
		{88891B32-0BD3-3A00-BE36-E13157E7425E}.Debug|x64.ActiveCfg = Debug|x64
		{88891B32-0BD3-3A00-BE36-E13157E7425E}.Debug|x64.Build.0 = Debug|x64
		{88891B32-0BD3-3A00-BE36-E13157E7425E}.Release|x64.ActiveCfg = Release|x64
		{88891B32-0BD3-3A00-BE36-E13157E7425E}.Release|x64.Build.0 = Release|x64
		{88891B32-0BD3-3A00-BE36-E13157E7425E}.MinSizeRel|x64.ActiveCfg = MinSizeRel|x64
		{88891B32-0BD3-3A00-BE36-E13157E7425E}.MinSizeRel|x64.Build.0 = MinSizeRel|x64
		{88891B32-0BD3-3A00-BE36-E13157E7425E}.RelWithDebInfo|x64.ActiveCfg = RelWithDebInfo|x64
		{88891B32-0BD3-3A00-BE36-E13157E7425E}.RelWithDebInfo|x64.Build.0 = RelWithDebInfo|x64
		{846508CF-5529-3741-B4FC-1C769BA3FD60}.Debug|x64.ActiveCfg = Debug|x64
		{846508CF-5529-3741-B4FC-1C769BA3FD60}.Debug|x64.Build.0 = Debug|x64
		{846508CF-5529-3741-B4FC-1C769BA3FD60}.Release|x64.ActiveCfg = Release|x64
		{846508CF-5529-3741-B4FC-1C769BA3FD60}.Release|x64.Build.0 = Release|x64
		{846508CF-5529-3741-B4FC-1C769BA3FD60}.MinSizeRel|x64.ActiveCfg = MinSizeRel|x64
		{846508CF-5529-3741-B4FC-1C769BA3FD60}.MinSizeRel|x64.Build.0 = MinSizeRel|x64
		{846508CF-5529-3741-B4FC-1C769BA3FD60}.RelWithDebInfo|x64.ActiveCfg = RelWithDebInfo|x64
		{846508CF-5529-3741-B4FC-1C769BA3FD60}.RelWithDebInfo|x64.Build.0 = RelWithDebInfo|x64
		{E14F0FE8-528A-346C-BA94-065752D37ED6}.Debug|x64.ActiveCfg = Debug|x64
		{E14F0FE8-528A-346C-BA94-065752D37ED6}.Debug|x64.Build.0 = Debug|x64
		{E14F0FE8-528A-346C-BA94-065752D37ED6}.Release|x64.ActiveCfg = Release|x64
		{E14F0FE8-528A-346C-BA94-065752D37ED6}.Release|x64.Build.0 = Release|x64
		{E14F0FE8-528A-346C-BA94-065752D37ED6}.MinSizeRel|x64.ActiveCfg = MinSizeRel|x64
		{E14F0FE8-528A-346C-BA94-065752D37ED6}.MinSizeRel|x64.Build.0 = MinSizeRel|x64
		{E14F0FE8-528A-346C-BA94-065752D37ED6}.RelWithDebInfo|x64.ActiveCfg = RelWithDebInfo|x64
		{E14F0FE8-528A-346C-BA94-065752D37ED6}.RelWithDebInfo|x64.Build.0 = RelWithDebInfo|x64
	EndGlobalSection
	GlobalSection(NestedProjects) = preSolution
		{A278F334-8C47-3752-9BAA-9368BBD1C52D} = {9FDD0AEC-3BBB-38E9-B648-E1FE699050C2}
		{38E78064-79AD-378C-A41D-7BDD47F3DE70} = {9FDD0AEC-3BBB-38E9-B648-E1FE699050C2}
		{7F600FA2-1076-3FDA-9237-AB85AADC35B2} = {9FDD0AEC-3BBB-38E9-B648-E1FE699050C2}
		{2393BBF3-419F-37A5-AB97-306B5F9BAB7D} = {646BDB3A-9EB9-3D25-9388-7BB950C6D4F7}
		{108E7DA3-E1FD-3932-9D2C-E159B566AE56} = {646BDB3A-9EB9-3D25-9388-7BB950C6D4F7}
		{92F3C098-F72C-32EF-914C-327A371A39C7} = {646BDB3A-9EB9-3D25-9388-7BB950C6D4F7}
		{FFB932BE-357A-39E8-9A6C-D5B682901F37} = {2393BBF3-419F-37A5-AB97-306B5F9BAB7D}
		{5206859A-3DA1-376F-9065-C03CFD6BB168} = {2393BBF3-419F-37A5-AB97-306B5F9BAB7D}
		{19CFB39F-325F-3713-A49F-17B9128674C2} = {2393BBF3-419F-37A5-AB97-306B5F9BAB7D}
		{93C4C74D-9561-365E-ADA8-3435A5519AD5} = {2393BBF3-419F-37A5-AB97-306B5F9BAB7D}
		{56522CCB-9260-3885-9EA0-7FB46223D68A} = {2393BBF3-419F-37A5-AB97-306B5F9BAB7D}
		{4F82F6F8-484C-3D4B-AC71-5FEC4BC55FE4} = {2393BBF3-419F-37A5-AB97-306B5F9BAB7D}
		{88891B32-0BD3-3A00-BE36-E13157E7425E} = {2393BBF3-419F-37A5-AB97-306B5F9BAB7D}
		{9490BDC5-494F-39CA-81E5-0A4D9F4ADCF6} = {108E7DA3-E1FD-3932-9D2C-E159B566AE56}
		{FFB96D43-30BC-3B09-9020-E45B4EE30DE4} = {108E7DA3-E1FD-3932-9D2C-E159B566AE56}
		{92146978-68CF-3399-9303-76D1B06A83BB} = {108E7DA3-E1FD-3932-9D2C-E159B566AE56}
		{216F4B44-12BF-39D8-9288-5458EB57E2B7} = {108E7DA3-E1FD-3932-9D2C-E159B566AE56}
		{0D9ECC85-94C0-31A5-B55C-21B853A10B06} = {108E7DA3-E1FD-3932-9D2C-E159B566AE56}
		{46AA4F5D-6129-3925-A922-DA11729FA87A} = {108E7DA3-E1FD-3932-9D2C-E159B566AE56}
		{50ADC055-F690-3CC6-8208-13E8B075E81F} = {108E7DA3-E1FD-3932-9D2C-E159B566AE56}
		{881B0874-D908-322B-9E4A-51A4A23F7575} = {108E7DA3-E1FD-3932-9D2C-E159B566AE56}
		{E6AB1DB1-1A22-3532-8022-D6F736F7EDD7} = {108E7DA3-E1FD-3932-9D2C-E159B566AE56}
		{97D7E6F4-1305-3911-8045-7888DE847524} = {108E7DA3-E1FD-3932-9D2C-E159B566AE56}
		{B175433A-0E11-33EA-96DB-6A456D757299} = {108E7DA3-E1FD-3932-9D2C-E159B566AE56}
		{07AEB1E5-8716-3186-A03B-70785F1797EF} = {108E7DA3-E1FD-3932-9D2C-E159B566AE56}
		{C9901FDC-08F3-31F9-9269-DD315C2C7C83} = {108E7DA3-E1FD-3932-9D2C-E159B566AE56}
		{D704063B-1843-3268-9363-78DDA01129AE} = {108E7DA3-E1FD-3932-9D2C-E159B566AE56}
		{E8120A31-BB3F-3EB1-998F-0C85D8FD22C2} = {108E7DA3-E1FD-3932-9D2C-E159B566AE56}
		{846508CF-5529-3741-B4FC-1C769BA3FD60} = {108E7DA3-E1FD-3932-9D2C-E159B566AE56}
	EndGlobalSection
	GlobalSection(ExtensibilityGlobals) = postSolution
		SolutionGuid = {87D7A109-9AF0-3BA4-9B0C-F363D0086E04}
	EndGlobalSection
	GlobalSection(ExtensibilityAddIns) = postSolution
	EndGlobalSection
EndGlobal
