
Microsoft Visual Studio Solution File, Format Version 12.00
# Visual Studio 15
VisualStudioVersion = 15.0.28307.852
MinimumVisualStudioVersion = 10.0.40219.1
Project("{8BC9CEB8-8B4A-11D0-8D11-00A0C91BC942}") = "Lab0", "Lab0\Lab0.vcxproj", "{C064CD22-4E03-4A74-888B-4ECF483B5895}"
EndProject
Project("{8BC9CEB8-8B4A-11D0-8D11-00A0C91BC942}") = "FileCreator", "FileCreator\FileCreator.vcxproj", "{F9631216-65C0-4E88-8C3D-22B2ABEA6D6A}"
EndProject
Project("{8BC9CEB8-8B4A-11D0-8D11-00A0C91BC942}") = "FileComparator", "FileComparator\FileComparator.vcxproj", "{5BC6B38E-1509-46EB-A7ED-5B058BAA4FFB}"
EndProject
Project("{8BC9CEB8-8B4A-11D0-8D11-00A0C91BC942}") = "CsvAdd", "CsvAdd\CsvAdd.vcxproj", "{4505ACAB-A0B3-4DBE-BEE8-4B79F0AA98F1}"
EndProject
Global
	GlobalSection(SolutionConfigurationPlatforms) = preSolution
		Debug|x64 = Debug|x64
		Debug|x86 = Debug|x86
		Release|x64 = Release|x64
		Release|x86 = Release|x86
	EndGlobalSection
	GlobalSection(ProjectConfigurationPlatforms) = postSolution
		{C064CD22-4E03-4A74-888B-4ECF483B5895}.Debug|x64.ActiveCfg = Debug|x64
		{C064CD22-4E03-4A74-888B-4ECF483B5895}.Debug|x64.Build.0 = Debug|x64
		{C064CD22-4E03-4A74-888B-4ECF483B5895}.Debug|x86.ActiveCfg = Debug|Win32
		{C064CD22-4E03-4A74-888B-4ECF483B5895}.Debug|x86.Build.0 = Debug|Win32
		{C064CD22-4E03-4A74-888B-4ECF483B5895}.Release|x64.ActiveCfg = Release|x64
		{C064CD22-4E03-4A74-888B-4ECF483B5895}.Release|x64.Build.0 = Release|x64
		{C064CD22-4E03-4A74-888B-4ECF483B5895}.Release|x86.ActiveCfg = Release|Win32
		{C064CD22-4E03-4A74-888B-4ECF483B5895}.Release|x86.Build.0 = Release|Win32
		{F9631216-65C0-4E88-8C3D-22B2ABEA6D6A}.Debug|x64.ActiveCfg = Debug|x64
		{F9631216-65C0-4E88-8C3D-22B2ABEA6D6A}.Debug|x64.Build.0 = Debug|x64
		{F9631216-65C0-4E88-8C3D-22B2ABEA6D6A}.Debug|x86.ActiveCfg = Debug|Win32
		{F9631216-65C0-4E88-8C3D-22B2ABEA6D6A}.Debug|x86.Build.0 = Debug|Win32
		{F9631216-65C0-4E88-8C3D-22B2ABEA6D6A}.Release|x64.ActiveCfg = Release|x64
		{F9631216-65C0-4E88-8C3D-22B2ABEA6D6A}.Release|x64.Build.0 = Release|x64
		{F9631216-65C0-4E88-8C3D-22B2ABEA6D6A}.Release|x86.ActiveCfg = Release|Win32
		{F9631216-65C0-4E88-8C3D-22B2ABEA6D6A}.Release|x86.Build.0 = Release|Win32
		{5BC6B38E-1509-46EB-A7ED-5B058BAA4FFB}.Debug|x64.ActiveCfg = Debug|x64
		{5BC6B38E-1509-46EB-A7ED-5B058BAA4FFB}.Debug|x64.Build.0 = Debug|x64
		{5BC6B38E-1509-46EB-A7ED-5B058BAA4FFB}.Debug|x86.ActiveCfg = Debug|Win32
		{5BC6B38E-1509-46EB-A7ED-5B058BAA4FFB}.Debug|x86.Build.0 = Debug|Win32
		{5BC6B38E-1509-46EB-A7ED-5B058BAA4FFB}.Release|x64.ActiveCfg = Release|x64
		{5BC6B38E-1509-46EB-A7ED-5B058BAA4FFB}.Release|x64.Build.0 = Release|x64
		{5BC6B38E-1509-46EB-A7ED-5B058BAA4FFB}.Release|x86.ActiveCfg = Release|Win32
		{5BC6B38E-1509-46EB-A7ED-5B058BAA4FFB}.Release|x86.Build.0 = Release|Win32
		{4505ACAB-A0B3-4DBE-BEE8-4B79F0AA98F1}.Debug|x64.ActiveCfg = Debug|x64
		{4505ACAB-A0B3-4DBE-BEE8-4B79F0AA98F1}.Debug|x64.Build.0 = Debug|x64
		{4505ACAB-A0B3-4DBE-BEE8-4B79F0AA98F1}.Debug|x86.ActiveCfg = Debug|Win32
		{4505ACAB-A0B3-4DBE-BEE8-4B79F0AA98F1}.Debug|x86.Build.0 = Debug|Win32
		{4505ACAB-A0B3-4DBE-BEE8-4B79F0AA98F1}.Release|x64.ActiveCfg = Release|x64
		{4505ACAB-A0B3-4DBE-BEE8-4B79F0AA98F1}.Release|x64.Build.0 = Release|x64
		{4505ACAB-A0B3-4DBE-BEE8-4B79F0AA98F1}.Release|x86.ActiveCfg = Release|Win32
		{4505ACAB-A0B3-4DBE-BEE8-4B79F0AA98F1}.Release|x86.Build.0 = Release|Win32
	EndGlobalSection
	GlobalSection(SolutionProperties) = preSolution
		HideSolutionNode = FALSE
	EndGlobalSection
	GlobalSection(ExtensibilityGlobals) = postSolution
		SolutionGuid = {830005AD-8B21-4637-85DA-5FA2502D93B7}
	EndGlobalSection
EndGlobal
