
Microsoft Visual Studio Solution File, Format Version 12.00
# Visual Studio 15
VisualStudioVersion = 15.0.28307.421
MinimumVisualStudioVersion = 10.0.40219.1
Project("{FAE04EC0-301F-11D3-BF4B-00C04F79EFBC}") = "Seminar", "Seminar.csproj", "{8DE26C78-50A7-447C-A039-0D04152DAFFB}"
EndProject
Global
	GlobalSection(SolutionConfigurationPlatforms) = preSolution
		Debug|Any CPU = Debug|Any CPU
		Release|Any CPU = Release|Any CPU
	EndGlobalSection
	GlobalSection(ProjectConfigurationPlatforms) = postSolution
		{8DE26C78-50A7-447C-A039-0D04152DAFFB}.Debug|Any CPU.ActiveCfg = Debug|Any CPU
		{8DE26C78-50A7-447C-A039-0D04152DAFFB}.Debug|Any CPU.Build.0 = Debug|Any CPU
		{8DE26C78-50A7-447C-A039-0D04152DAFFB}.Release|Any CPU.ActiveCfg = Release|Any CPU
		{8DE26C78-50A7-447C-A039-0D04152DAFFB}.Release|Any CPU.Build.0 = Release|Any CPU
	EndGlobalSection
	GlobalSection(SolutionProperties) = preSolution
		HideSolutionNode = FALSE
	EndGlobalSection
	GlobalSection(ExtensibilityGlobals) = postSolution
		SolutionGuid = {2F3E4B6A-695B-45FD-AA53-ADA00396605C}
	EndGlobalSection
EndGlobal
