
Microsoft Visual Studio Solution File, Format Version 12.00
# Visual Studio 15
VisualStudioVersion = 15.0.28307.852
MinimumVisualStudioVersion = 10.0.40219.1
Project("{8BC9CEB8-8B4A-11D0-8D11-00A0C91BC942}") = "Lab1CPlusPlus", "Lab1CPlusPlus\Lab1CPlusPlus.vcxproj", "{0C90E4DB-6F3D-4E82-B5D0-420E0EF4ED78}"
EndProject
Global
	GlobalSection(SolutionConfigurationPlatforms) = preSolution
		Debug|x64 = Debug|x64
		Debug|x86 = Debug|x86
		Release|x64 = Release|x64
		Release|x86 = Release|x86
	EndGlobalSection
	GlobalSection(ProjectConfigurationPlatforms) = postSolution
		{0C90E4DB-6F3D-4E82-B5D0-420E0EF4ED78}.Debug|x64.ActiveCfg = Debug|x64
		{0C90E4DB-6F3D-4E82-B5D0-420E0EF4ED78}.Debug|x64.Build.0 = Debug|x64
		{0C90E4DB-6F3D-4E82-B5D0-420E0EF4ED78}.Debug|x86.ActiveCfg = Debug|Win32
		{0C90E4DB-6F3D-4E82-B5D0-420E0EF4ED78}.Debug|x86.Build.0 = Debug|Win32
		{0C90E4DB-6F3D-4E82-B5D0-420E0EF4ED78}.Release|x64.ActiveCfg = Release|x64
		{0C90E4DB-6F3D-4E82-B5D0-420E0EF4ED78}.Release|x64.Build.0 = Release|x64
		{0C90E4DB-6F3D-4E82-B5D0-420E0EF4ED78}.Release|x86.ActiveCfg = Release|Win32
		{0C90E4DB-6F3D-4E82-B5D0-420E0EF4ED78}.Release|x86.Build.0 = Release|Win32
	EndGlobalSection
	GlobalSection(SolutionProperties) = preSolution
		HideSolutionNode = FALSE
	EndGlobalSection
	GlobalSection(ExtensibilityGlobals) = postSolution
		SolutionGuid = {3AB7F71A-3481-42FC-98B1-8D50F78F96D7}
	EndGlobalSection
EndGlobal
