
Microsoft Visual Studio Solution File, Format Version 12.00
# Visual Studio 15
VisualStudioVersion = 15.0.28307.421
MinimumVisualStudioVersion = 10.0.40219.1
Project("{FAE04EC0-301F-11D3-BF4B-00C04F79EFBC}") = "LabCSharpRest", "LabCSharpRest.csproj", "{F37E6C1D-60D9-4297-9401-45E8175661D2}"
EndProject
Global
	GlobalSection(SolutionConfigurationPlatforms) = preSolution
		Debug|Any CPU = Debug|Any CPU
		Release|Any CPU = Release|Any CPU
	EndGlobalSection
	GlobalSection(ProjectConfigurationPlatforms) = postSolution
		{F37E6C1D-60D9-4297-9401-45E8175661D2}.Debug|Any CPU.ActiveCfg = Debug|Any CPU
		{F37E6C1D-60D9-4297-9401-45E8175661D2}.Debug|Any CPU.Build.0 = Debug|Any CPU
		{F37E6C1D-60D9-4297-9401-45E8175661D2}.Release|Any CPU.ActiveCfg = Release|Any CPU
		{F37E6C1D-60D9-4297-9401-45E8175661D2}.Release|Any CPU.Build.0 = Release|Any CPU
	EndGlobalSection
	GlobalSection(SolutionProperties) = preSolution
		HideSolutionNode = FALSE
	EndGlobalSection
	GlobalSection(ExtensibilityGlobals) = postSolution
		SolutionGuid = {AD083B83-7E7E-46D9-BB12-EE57DB36EFBA}
	EndGlobalSection
EndGlobal
