
Microsoft Visual Studio Solution File, Format Version 12.00
# Visual Studio 15
VisualStudioVersion = 15.0.28010.2036
MinimumVisualStudioVersion = 10.0.40219.1
Project("{FAE04EC0-301F-11D3-BF4B-00C04F79EFBC}") = "CatalogMAP", "CatalogMAP\CatalogMAP.csproj", "{84586313-5001-4370-9669-331C8E8EAEA7}"
EndProject
Project("{FAE04EC0-301F-11D3-BF4B-00C04F79EFBC}") = "CatalogMAPTests", "CatalogMAPTests\CatalogMAPTests.csproj", "{B43DD9A5-86D3-477E-95DB-7168802D9029}"
EndProject
Global
	GlobalSection(SolutionConfigurationPlatforms) = preSolution
		Debug|Any CPU = Debug|Any CPU
		Release|Any CPU = Release|Any CPU
	EndGlobalSection
	GlobalSection(ProjectConfigurationPlatforms) = postSolution
		{84586313-5001-4370-9669-331C8E8EAEA7}.Debug|Any CPU.ActiveCfg = Debug|Any CPU
		{84586313-5001-4370-9669-331C8E8EAEA7}.Debug|Any CPU.Build.0 = Debug|Any CPU
		{84586313-5001-4370-9669-331C8E8EAEA7}.Release|Any CPU.ActiveCfg = Release|Any CPU
		{84586313-5001-4370-9669-331C8E8EAEA7}.Release|Any CPU.Build.0 = Release|Any CPU
		{B43DD9A5-86D3-477E-95DB-7168802D9029}.Debug|Any CPU.ActiveCfg = Debug|Any CPU
		{B43DD9A5-86D3-477E-95DB-7168802D9029}.Debug|Any CPU.Build.0 = Debug|Any CPU
		{B43DD9A5-86D3-477E-95DB-7168802D9029}.Release|Any CPU.ActiveCfg = Release|Any CPU
		{B43DD9A5-86D3-477E-95DB-7168802D9029}.Release|Any CPU.Build.0 = Release|Any CPU
	EndGlobalSection
	GlobalSection(SolutionProperties) = preSolution
		HideSolutionNode = FALSE
	EndGlobalSection
	GlobalSection(ExtensibilityGlobals) = postSolution
		SolutionGuid = {004BC89B-EA04-40D5-8A8F-94F50B2547B3}
	EndGlobalSection
EndGlobal
