
Microsoft Visual Studio Solution File, Format Version 12.00
# Visual Studio 15
VisualStudioVersion = 15.0.28307.421
MinimumVisualStudioVersion = 10.0.40219.1
Project("{FAE04EC0-301F-11D3-BF4B-00C04F79EFBC}") = "Lab1", "Lab1\Lab1.csproj", "{AE63551A-836A-4B2D-BEEC-46685E3CF9D3}"
EndProject
Global
	GlobalSection(SolutionConfigurationPlatforms) = preSolution
		Debug|Any CPU = Debug|Any CPU
		Release|Any CPU = Release|Any CPU
	EndGlobalSection
	GlobalSection(ProjectConfigurationPlatforms) = postSolution
		{AE63551A-836A-4B2D-BEEC-46685E3CF9D3}.Debug|Any CPU.ActiveCfg = Debug|Any CPU
		{AE63551A-836A-4B2D-BEEC-46685E3CF9D3}.Debug|Any CPU.Build.0 = Debug|Any CPU
		{AE63551A-836A-4B2D-BEEC-46685E3CF9D3}.Release|Any CPU.ActiveCfg = Release|Any CPU
		{AE63551A-836A-4B2D-BEEC-46685E3CF9D3}.Release|Any CPU.Build.0 = Release|Any CPU
	EndGlobalSection
	GlobalSection(SolutionProperties) = preSolution
		HideSolutionNode = FALSE
	EndGlobalSection
	GlobalSection(ExtensibilityGlobals) = postSolution
		SolutionGuid = {4C9E5A61-D7C0-45CC-8A3F-E0B25E07B4C4}
	EndGlobalSection
EndGlobal
