
Microsoft Visual Studio Solution File, Format Version 12.00
# Visual Studio 15
VisualStudioVersion = 15.0.27428.2037
MinimumVisualStudioVersion = 10.0.40219.1
Project("{8BC9CEB8-8B4A-11D0-8D11-00A0C91BC942}") = "Floyd_Warshall", "Floyd_Warshall\Floyd_Warshall.vcxproj", "{FFE3C775-6621-47D5-BAF0-A3C91058DF5A}"
EndProject
Global
	GlobalSection(SolutionConfigurationPlatforms) = preSolution
		Debug|x64 = Debug|x64
		Debug|x86 = Debug|x86
		Release|x64 = Release|x64
		Release|x86 = Release|x86
	EndGlobalSection
	GlobalSection(ProjectConfigurationPlatforms) = postSolution
		{FFE3C775-6621-47D5-BAF0-A3C91058DF5A}.Debug|x64.ActiveCfg = Debug|x64
		{FFE3C775-6621-47D5-BAF0-A3C91058DF5A}.Debug|x64.Build.0 = Debug|x64
		{FFE3C775-6621-47D5-BAF0-A3C91058DF5A}.Debug|x86.ActiveCfg = Debug|Win32
		{FFE3C775-6621-47D5-BAF0-A3C91058DF5A}.Debug|x86.Build.0 = Debug|Win32
		{FFE3C775-6621-47D5-BAF0-A3C91058DF5A}.Release|x64.ActiveCfg = Release|x64
		{FFE3C775-6621-47D5-BAF0-A3C91058DF5A}.Release|x64.Build.0 = Release|x64
		{FFE3C775-6621-47D5-BAF0-A3C91058DF5A}.Release|x86.ActiveCfg = Release|Win32
		{FFE3C775-6621-47D5-BAF0-A3C91058DF5A}.Release|x86.Build.0 = Release|Win32
	EndGlobalSection
	GlobalSection(SolutionProperties) = preSolution
		HideSolutionNode = FALSE
	EndGlobalSection
	GlobalSection(ExtensibilityGlobals) = postSolution
		SolutionGuid = {FA4B7504-F342-4302-AD89-36D1C44BB5F3}
	EndGlobalSection
EndGlobal
