
Microsoft Visual Studio Solution File, Format Version 12.00
# Visual Studio 15
VisualStudioVersion = 15.0.28307.421
MinimumVisualStudioVersion = 10.0.40219.1
Project("{FAE04EC0-301F-11D3-BF4B-00C04F79EFBC}") = "Concurs", "Concurs.csproj", "{6C72F424-C118-4FE8-BD40-A6D66DF54A16}"
EndProject
Project("{FAE04EC0-301F-11D3-BF4B-00C04F79EFBC}") = "UnitTest", "..\UnitTest\UnitTest.csproj", "{C4E0AA2C-7E7E-47B3-9A38-9EFC7E8CC11D}"
EndProject
Global
	GlobalSection(SolutionConfigurationPlatforms) = preSolution
		Debug|Any CPU = Debug|Any CPU
		Debug|ARM = Debug|ARM
		Debug|ARM64 = Debug|ARM64
		Debug|x64 = Debug|x64
		Debug|x86 = Debug|x86
		Release|Any CPU = Release|Any CPU
		Release|ARM = Release|ARM
		Release|ARM64 = Release|ARM64
		Release|x64 = Release|x64
		Release|x86 = Release|x86
	EndGlobalSection
	GlobalSection(ProjectConfigurationPlatforms) = postSolution
		{6C72F424-C118-4FE8-BD40-A6D66DF54A16}.Debug|Any CPU.ActiveCfg = Debug|Any CPU
		{6C72F424-C118-4FE8-BD40-A6D66DF54A16}.Debug|Any CPU.Build.0 = Debug|Any CPU
		{6C72F424-C118-4FE8-BD40-A6D66DF54A16}.Debug|ARM.ActiveCfg = Debug|Any CPU
		{6C72F424-C118-4FE8-BD40-A6D66DF54A16}.Debug|ARM.Build.0 = Debug|Any CPU
		{6C72F424-C118-4FE8-BD40-A6D66DF54A16}.Debug|ARM64.ActiveCfg = Debug|Any CPU
		{6C72F424-C118-4FE8-BD40-A6D66DF54A16}.Debug|ARM64.Build.0 = Debug|Any CPU
		{6C72F424-C118-4FE8-BD40-A6D66DF54A16}.Debug|x64.ActiveCfg = Debug|Any CPU
		{6C72F424-C118-4FE8-BD40-A6D66DF54A16}.Debug|x64.Build.0 = Debug|Any CPU
		{6C72F424-C118-4FE8-BD40-A6D66DF54A16}.Debug|x86.ActiveCfg = Debug|Any CPU
		{6C72F424-C118-4FE8-BD40-A6D66DF54A16}.Debug|x86.Build.0 = Debug|Any CPU
		{6C72F424-C118-4FE8-BD40-A6D66DF54A16}.Release|Any CPU.ActiveCfg = Release|Any CPU
		{6C72F424-C118-4FE8-BD40-A6D66DF54A16}.Release|Any CPU.Build.0 = Release|Any CPU
		{6C72F424-C118-4FE8-BD40-A6D66DF54A16}.Release|ARM.ActiveCfg = Release|Any CPU
		{6C72F424-C118-4FE8-BD40-A6D66DF54A16}.Release|ARM.Build.0 = Release|Any CPU
		{6C72F424-C118-4FE8-BD40-A6D66DF54A16}.Release|ARM64.ActiveCfg = Release|Any CPU
		{6C72F424-C118-4FE8-BD40-A6D66DF54A16}.Release|ARM64.Build.0 = Release|Any CPU
		{6C72F424-C118-4FE8-BD40-A6D66DF54A16}.Release|x64.ActiveCfg = Release|Any CPU
		{6C72F424-C118-4FE8-BD40-A6D66DF54A16}.Release|x64.Build.0 = Release|Any CPU
		{6C72F424-C118-4FE8-BD40-A6D66DF54A16}.Release|x86.ActiveCfg = Release|Any CPU
		{6C72F424-C118-4FE8-BD40-A6D66DF54A16}.Release|x86.Build.0 = Release|Any CPU
		{C4E0AA2C-7E7E-47B3-9A38-9EFC7E8CC11D}.Debug|Any CPU.ActiveCfg = Debug|Any CPU
		{C4E0AA2C-7E7E-47B3-9A38-9EFC7E8CC11D}.Debug|Any CPU.Build.0 = Debug|Any CPU
		{C4E0AA2C-7E7E-47B3-9A38-9EFC7E8CC11D}.Debug|ARM.ActiveCfg = Debug|Any CPU
		{C4E0AA2C-7E7E-47B3-9A38-9EFC7E8CC11D}.Debug|ARM.Build.0 = Debug|Any CPU
		{C4E0AA2C-7E7E-47B3-9A38-9EFC7E8CC11D}.Debug|ARM64.ActiveCfg = Debug|Any CPU
		{C4E0AA2C-7E7E-47B3-9A38-9EFC7E8CC11D}.Debug|ARM64.Build.0 = Debug|Any CPU
		{C4E0AA2C-7E7E-47B3-9A38-9EFC7E8CC11D}.Debug|x64.ActiveCfg = Debug|Any CPU
		{C4E0AA2C-7E7E-47B3-9A38-9EFC7E8CC11D}.Debug|x64.Build.0 = Debug|Any CPU
		{C4E0AA2C-7E7E-47B3-9A38-9EFC7E8CC11D}.Debug|x86.ActiveCfg = Debug|Any CPU
		{C4E0AA2C-7E7E-47B3-9A38-9EFC7E8CC11D}.Debug|x86.Build.0 = Debug|Any CPU
		{C4E0AA2C-7E7E-47B3-9A38-9EFC7E8CC11D}.Release|Any CPU.ActiveCfg = Release|Any CPU
		{C4E0AA2C-7E7E-47B3-9A38-9EFC7E8CC11D}.Release|Any CPU.Build.0 = Release|Any CPU
		{C4E0AA2C-7E7E-47B3-9A38-9EFC7E8CC11D}.Release|ARM.ActiveCfg = Release|Any CPU
		{C4E0AA2C-7E7E-47B3-9A38-9EFC7E8CC11D}.Release|ARM.Build.0 = Release|Any CPU
		{C4E0AA2C-7E7E-47B3-9A38-9EFC7E8CC11D}.Release|ARM64.ActiveCfg = Release|Any CPU
		{C4E0AA2C-7E7E-47B3-9A38-9EFC7E8CC11D}.Release|ARM64.Build.0 = Release|Any CPU
		{C4E0AA2C-7E7E-47B3-9A38-9EFC7E8CC11D}.Release|x64.ActiveCfg = Release|Any CPU
		{C4E0AA2C-7E7E-47B3-9A38-9EFC7E8CC11D}.Release|x64.Build.0 = Release|Any CPU
		{C4E0AA2C-7E7E-47B3-9A38-9EFC7E8CC11D}.Release|x86.ActiveCfg = Release|Any CPU
		{C4E0AA2C-7E7E-47B3-9A38-9EFC7E8CC11D}.Release|x86.Build.0 = Release|Any CPU
	EndGlobalSection
	GlobalSection(SolutionProperties) = preSolution
		HideSolutionNode = FALSE
	EndGlobalSection
	GlobalSection(ExtensibilityGlobals) = postSolution
		SolutionGuid = {CFAE6EBD-AAB2-4964-B5E1-4D455A0D8F9B}
	EndGlobalSection
EndGlobal
