
Microsoft Visual Studio Solution File, Format Version 12.00
# Visual Studio 15
VisualStudioVersion = 15.0.28307.852
MinimumVisualStudioVersion = 10.0.40219.1
Project("{8BC9CEB8-8B4A-11D0-8D11-00A0C91BC942}") = "Seminar2", "Seminar2\Seminar2.vcxproj", "{00B983FC-F451-4DFD-BD62-1B4BAACD66B4}"
EndProject
Global
	GlobalSection(SolutionConfigurationPlatforms) = preSolution
		Debug|x64 = Debug|x64
		Debug|x86 = Debug|x86
		Release|x64 = Release|x64
		Release|x86 = Release|x86
	EndGlobalSection
	GlobalSection(ProjectConfigurationPlatforms) = postSolution
		{00B983FC-F451-4DFD-BD62-1B4BAACD66B4}.Debug|x64.ActiveCfg = Debug|x64
		{00B983FC-F451-4DFD-BD62-1B4BAACD66B4}.Debug|x64.Build.0 = Debug|x64
		{00B983FC-F451-4DFD-BD62-1B4BAACD66B4}.Debug|x86.ActiveCfg = Debug|Win32
		{00B983FC-F451-4DFD-BD62-1B4BAACD66B4}.Debug|x86.Build.0 = Debug|Win32
		{00B983FC-F451-4DFD-BD62-1B4BAACD66B4}.Release|x64.ActiveCfg = Release|x64
		{00B983FC-F451-4DFD-BD62-1B4BAACD66B4}.Release|x64.Build.0 = Release|x64
		{00B983FC-F451-4DFD-BD62-1B4BAACD66B4}.Release|x86.ActiveCfg = Release|Win32
		{00B983FC-F451-4DFD-BD62-1B4BAACD66B4}.Release|x86.Build.0 = Release|Win32
	EndGlobalSection
	GlobalSection(SolutionProperties) = preSolution
		HideSolutionNode = FALSE
	EndGlobalSection
	GlobalSection(ExtensibilityGlobals) = postSolution
		SolutionGuid = {506514A7-05B6-4417-B5C3-ABC8D7B36450}
	EndGlobalSection
EndGlobal
