
Microsoft Visual Studio Solution File, Format Version 12.00
# Visual Studio 15
VisualStudioVersion = 15.0.27428.2037
MinimumVisualStudioVersion = 10.0.40219.1
Project("{8BC9CEB8-8B4A-11D0-8D11-00A0C91BC942}") = "Determinare_grad", "Determinare_grad\Determinare_grad.vcxproj", "{C2AC2AA6-2953-4153-9403-4E20675781CE}"
EndProject
Global
	GlobalSection(SolutionConfigurationPlatforms) = preSolution
		Debug|x64 = Debug|x64
		Debug|x86 = Debug|x86
		Release|x64 = Release|x64
		Release|x86 = Release|x86
	EndGlobalSection
	GlobalSection(ProjectConfigurationPlatforms) = postSolution
		{C2AC2AA6-2953-4153-9403-4E20675781CE}.Debug|x64.ActiveCfg = Debug|x64
		{C2AC2AA6-2953-4153-9403-4E20675781CE}.Debug|x64.Build.0 = Debug|x64
		{C2AC2AA6-2953-4153-9403-4E20675781CE}.Debug|x86.ActiveCfg = Debug|Win32
		{C2AC2AA6-2953-4153-9403-4E20675781CE}.Debug|x86.Build.0 = Debug|Win32
		{C2AC2AA6-2953-4153-9403-4E20675781CE}.Release|x64.ActiveCfg = Release|x64
		{C2AC2AA6-2953-4153-9403-4E20675781CE}.Release|x64.Build.0 = Release|x64
		{C2AC2AA6-2953-4153-9403-4E20675781CE}.Release|x86.ActiveCfg = Release|Win32
		{C2AC2AA6-2953-4153-9403-4E20675781CE}.Release|x86.Build.0 = Release|Win32
	EndGlobalSection
	GlobalSection(SolutionProperties) = preSolution
		HideSolutionNode = FALSE
	EndGlobalSection
	GlobalSection(ExtensibilityGlobals) = postSolution
		SolutionGuid = {92FC8276-B437-4B5D-8C3A-35F23AC3F5AC}
	EndGlobalSection
EndGlobal
