
Microsoft Visual Studio Solution File, Format Version 12.00
# Visual Studio 15
VisualStudioVersion = 15.0.27428.2037
MinimumVisualStudioVersion = 10.0.40219.1
Project("{8BC9CEB8-8B4A-11D0-8D11-00A0C91BC942}") = "Dijkstra", "Dijkstra\Dijkstra.vcxproj", "{2E5865CD-8BCA-408D-904D-5F8439E69CFC}"
EndProject
Global
	GlobalSection(SolutionConfigurationPlatforms) = preSolution
		Debug|x64 = Debug|x64
		Debug|x86 = Debug|x86
		Release|x64 = Release|x64
		Release|x86 = Release|x86
	EndGlobalSection
	GlobalSection(ProjectConfigurationPlatforms) = postSolution
		{2E5865CD-8BCA-408D-904D-5F8439E69CFC}.Debug|x64.ActiveCfg = Debug|x64
		{2E5865CD-8BCA-408D-904D-5F8439E69CFC}.Debug|x64.Build.0 = Debug|x64
		{2E5865CD-8BCA-408D-904D-5F8439E69CFC}.Debug|x86.ActiveCfg = Debug|Win32
		{2E5865CD-8BCA-408D-904D-5F8439E69CFC}.Debug|x86.Build.0 = Debug|Win32
		{2E5865CD-8BCA-408D-904D-5F8439E69CFC}.Release|x64.ActiveCfg = Release|x64
		{2E5865CD-8BCA-408D-904D-5F8439E69CFC}.Release|x64.Build.0 = Release|x64
		{2E5865CD-8BCA-408D-904D-5F8439E69CFC}.Release|x86.ActiveCfg = Release|Win32
		{2E5865CD-8BCA-408D-904D-5F8439E69CFC}.Release|x86.Build.0 = Release|Win32
	EndGlobalSection
	GlobalSection(SolutionProperties) = preSolution
		HideSolutionNode = FALSE
	EndGlobalSection
	GlobalSection(ExtensibilityGlobals) = postSolution
		SolutionGuid = {3B5C3964-F14A-44C4-B966-48A277BCA0DE}
	EndGlobalSection
EndGlobal
