
Microsoft Visual Studio Solution File, Format Version 12.00
# Visual Studio 15
VisualStudioVersion = 15.0.27130.2036
MinimumVisualStudioVersion = 10.0.40219.1
Project("{FAE04EC0-301F-11D3-BF4B-00C04F79EFBC}") = "Sem10_MAP_223", "Sem10_MAP_223\Sem10_MAP_223.csproj", "{2C5E385B-C603-4C29-9895-438E21E8F100}"
EndProject
Global
	GlobalSection(SolutionConfigurationPlatforms) = preSolution
		Debug|Any CPU = Debug|Any CPU
		Release|Any CPU = Release|Any CPU
	EndGlobalSection
	GlobalSection(ProjectConfigurationPlatforms) = postSolution
		{2C5E385B-C603-4C29-9895-438E21E8F100}.Debug|Any CPU.ActiveCfg = Debug|Any CPU
		{2C5E385B-C603-4C29-9895-438E21E8F100}.Debug|Any CPU.Build.0 = Debug|Any CPU
		{2C5E385B-C603-4C29-9895-438E21E8F100}.Release|Any CPU.ActiveCfg = Release|Any CPU
		{2C5E385B-C603-4C29-9895-438E21E8F100}.Release|Any CPU.Build.0 = Release|Any CPU
	EndGlobalSection
	GlobalSection(SolutionProperties) = preSolution
		HideSolutionNode = FALSE
	EndGlobalSection
	GlobalSection(ExtensibilityGlobals) = postSolution
		SolutionGuid = {5394002F-D2FC-417F-A35F-752EAEC51EAB}
	EndGlobalSection
EndGlobal
