
Microsoft Visual Studio Solution File, Format Version 12.00
# Visual Studio 15
VisualStudioVersion = 15.0.28307.852
MinimumVisualStudioVersion = 10.0.40219.1
Project("{8BC9CEB8-8B4A-11D0-8D11-00A0C91BC942}") = "Seminar3", "Seminar3\Seminar3.vcxproj", "{5E4F690B-28FB-4D0E-8295-2B32044028A0}"
EndProject
Global
	GlobalSection(SolutionConfigurationPlatforms) = preSolution
		Debug|x64 = Debug|x64
		Debug|x86 = Debug|x86
		Release|x64 = Release|x64
		Release|x86 = Release|x86
	EndGlobalSection
	GlobalSection(ProjectConfigurationPlatforms) = postSolution
		{5E4F690B-28FB-4D0E-8295-2B32044028A0}.Debug|x64.ActiveCfg = Debug|x64
		{5E4F690B-28FB-4D0E-8295-2B32044028A0}.Debug|x64.Build.0 = Debug|x64
		{5E4F690B-28FB-4D0E-8295-2B32044028A0}.Debug|x86.ActiveCfg = Debug|Win32
		{5E4F690B-28FB-4D0E-8295-2B32044028A0}.Debug|x86.Build.0 = Debug|Win32
		{5E4F690B-28FB-4D0E-8295-2B32044028A0}.Release|x64.ActiveCfg = Release|x64
		{5E4F690B-28FB-4D0E-8295-2B32044028A0}.Release|x64.Build.0 = Release|x64
		{5E4F690B-28FB-4D0E-8295-2B32044028A0}.Release|x86.ActiveCfg = Release|Win32
		{5E4F690B-28FB-4D0E-8295-2B32044028A0}.Release|x86.Build.0 = Release|Win32
	EndGlobalSection
	GlobalSection(SolutionProperties) = preSolution
		HideSolutionNode = FALSE
	EndGlobalSection
	GlobalSection(ExtensibilityGlobals) = postSolution
		SolutionGuid = {9B3F07AD-1035-4501-B146-2681E5364E55}
	EndGlobalSection
EndGlobal
