
Microsoft Visual Studio Solution File, Format Version 12.00
# Visual Studio 15
VisualStudioVersion = 15.0.27428.2037
MinimumVisualStudioVersion = 10.0.40219.1
Project("{8BC9CEB8-8B4A-11D0-8D11-00A0C91BC942}") = "Problema3", "Problema3\Problema3.vcxproj", "{282D814D-2686-4F8D-981C-3C17AF3EC04A}"
EndProject
Global
	GlobalSection(SolutionConfigurationPlatforms) = preSolution
		Debug|x64 = Debug|x64
		Debug|x86 = Debug|x86
		Release|x64 = Release|x64
		Release|x86 = Release|x86
	EndGlobalSection
	GlobalSection(ProjectConfigurationPlatforms) = postSolution
		{282D814D-2686-4F8D-981C-3C17AF3EC04A}.Debug|x64.ActiveCfg = Debug|x64
		{282D814D-2686-4F8D-981C-3C17AF3EC04A}.Debug|x64.Build.0 = Debug|x64
		{282D814D-2686-4F8D-981C-3C17AF3EC04A}.Debug|x86.ActiveCfg = Debug|Win32
		{282D814D-2686-4F8D-981C-3C17AF3EC04A}.Debug|x86.Build.0 = Debug|Win32
		{282D814D-2686-4F8D-981C-3C17AF3EC04A}.Release|x64.ActiveCfg = Release|x64
		{282D814D-2686-4F8D-981C-3C17AF3EC04A}.Release|x64.Build.0 = Release|x64
		{282D814D-2686-4F8D-981C-3C17AF3EC04A}.Release|x86.ActiveCfg = Release|Win32
		{282D814D-2686-4F8D-981C-3C17AF3EC04A}.Release|x86.Build.0 = Release|Win32
	EndGlobalSection
	GlobalSection(SolutionProperties) = preSolution
		HideSolutionNode = FALSE
	EndGlobalSection
	GlobalSection(ExtensibilityGlobals) = postSolution
		SolutionGuid = {E731A1AC-2028-427D-8205-38688C1AEE46}
	EndGlobalSection
EndGlobal
